{
  "version": 4,
  "terraform_version": "1.14.4",
  "serial": 269,
  "lineage": "7c0005de-a4ee-8c59-9107-11a08925c475",
  "outputs": {
    "api_gateway_url": {
      "value": "https://vspnlhea34.execute-api.ca-central-1.amazonaws.com/prod",
      "type": "string"
    },
    "cloudfront_url": {
      "value": "https://d3og4dgnavu4bm.cloudfront.net",
      "type": "string"
    },
    "cloudwatch_log_groups": {
      "value": {
        "generate_plan": "/aws/lambda/pathmentor-generate-plan",
        "get_experiences": "/aws/lambda/pathmentor-get-experiences",
        "get_insights": "/aws/lambda/pathmentor-get-insights",
        "post_experience": "/aws/lambda/pathmentor-post-experience"
      },
      "type": [
        "object",
        {
          "generate_plan": "string",
          "get_experiences": "string",
          "get_insights": "string",
          "post_experience": "string"
        }
      ]
    },
    "dynamodb_table_name": {
      "value": "pathmentor-experiences",
      "type": "string"
    },
    "ec2_seed_runner_id": {
      "value": "i-0b76a4fe7ad50c2a0",
      "type": "string"
    },
    "ec2_seed_runner_public_ip": {
      "value": "15.223.222.78",
      "type": "string"
    },
    "s3_frontend_bucket": {
      "value": "pathmentor-frontend-c3ef6acf",
      "type": "string"
    }
  },
  "resources": [
    {
      "mode": "data",
      "type": "archive_file",
      "name": "generate_plan",
      "provider": "provider[\"registry.terraform.io/hashicorp/archive\"]",
      "instances": [
        {
          "schema_version": 0,
          "attributes": {
            "exclude_symlink_directories": null,
            "excludes": null,
            "id": "3b319c2aea6f696852ccaf6e041930ade3d975df",
            "output_base64sha256": "Irf+u0yfipZ42YGQSV8mcCWPU6IMU+EbFeIEQbxsvx8=",
            "output_base64sha512": "HDoFz8+XRSUzOignaRxzFwnjcwvGeNs2yelsitcvvNKfUMRccthPK0/zHr/Gn/3u9l1T4wKyw1+O4GXG/SCUFQ==",
            "output_file_mode": null,
            "output_md5": "fa504191263ff4dffd73b0ab93cc33ed",
            "output_path": "./.lambda_zips/generate_plan.zip",
            "output_sha": "3b319c2aea6f696852ccaf6e041930ade3d975df",
            "output_sha256": "22b7febb4c9f8a9678d98190495f2670258f53a20c53e11b15e20441bc6cbf1f",
            "output_sha512": "1c3a05cfcf974525333a2827691c731709e3730bc678db36c9e96c8ad72fbcd29f50c45c72d84f2b4ff31ebfc69ffdeef65d53e302b2c35f8ee065c6fd209415",
            "output_size": 3457,
            "source": [
              {
                "content": "import boto3\r\nimport os\r\n\r\ndef get_dynamodb_resource():\r\n    \"\"\"\r\n    Returns a boto3 DynamoDB resource.\r\n    Uses the AWS region from environment variable or defaults to ca-central-1.\r\n    In Lambda, credentials are automatically provided via the execution role (LabRole).\r\n    \"\"\"\r\n    region = os.environ.get(\"AWS_REGION\", \"ca-central-1\")\r\n    return boto3.resource(\"dynamodb\", region_name=region)\r\n\r\ndef get_experiences_table():\r\n    \"\"\"Returns the DynamoDB Table resource for experiences.\"\"\"\r\n    dynamodb = get_dynamodb_resource()\r\n    table_name = os.environ.get(\"EXPERIENCES_TABLE\", \"pathmentor-experiences\")\r\n    return dynamodb.Table(table_name)",
                "filename": "shared/db_client.py"
              },
              {
                "content": "import json\r\nimport os\r\nimport sys\r\nimport boto3\r\n\r\nsys.path.insert(0, os.path.join(os.path.dirname(__file__), \"..\"))\r\nfrom shared.db_client import get_experiences_table\r\nfrom boto3.dynamodb.conditions import Attr\r\nfrom decimal import Decimal\r\n\r\n\r\ndef build_response(status_code, body):\r\n    return {\r\n        \"statusCode\": status_code,\r\n        \"headers\": {\r\n            \"Content-Type\": \"application/json\",\r\n            \"Access-Control-Allow-Origin\": \"*\",\r\n            \"Access-Control-Allow-Headers\": \"Content-Type\",\r\n            \"Access-Control-Allow-Methods\": \"GET,POST,OPTIONS\",\r\n        },\r\n        \"body\": json.dumps(body),\r\n    }\r\n\r\n\r\ndef convert_decimals(obj):\r\n    if isinstance(obj, list):\r\n        return [convert_decimals(i) for i in obj]\r\n    elif isinstance(obj, dict):\r\n        return {k: convert_decimals(v) for k, v in obj.items()}\r\n    elif isinstance(obj, Decimal):\r\n        return int(obj) if obj % 1 == 0 else float(obj)\r\n    return obj\r\n\r\n\r\ndef get_bedrock_client():\r\n    region = os.environ.get(\"BEDROCK_REGION\", \"ca-central-1\")\r\n    return boto3.client(\"bedrock-runtime\", region_name=region)\r\n\r\n\r\ndef fetch_relevant_experiences(user_type, goal):\r\n    \"\"\"Fetch top 5 relevant experiences to inject as context into the prompt.\"\"\"\r\n    try:\r\n        table = get_experiences_table()\r\n        filter_expr = Attr(\"user_type\").eq(user_type) \u0026 Attr(\"goal\").eq(goal)\r\n        response = table.scan(FilterExpression=filter_expr)\r\n        items = convert_decimals(response.get(\"Items\", []))\r\n        items.sort(key=lambda x: x.get(\"upvotes\", 0), reverse=True)\r\n        return items[:5]\r\n    except Exception as e:\r\n        print(f\"Could not fetch experiences for context: {e}\")\r\n        return []\r\n\r\n\r\ndef build_prompt(user_context, experiences):\r\n    \"\"\"\r\n    Builds a structured prompt for Claude via Bedrock.\r\n    user_context contains:\r\n      - user_type, goal, current_role, courses, skills, time_availability, additional_context\r\n    \"\"\"\r\n    user_type = user_context.get(\"user_type\", \"professional\")\r\n    goal = user_context.get(\"goal\", \"improve skills\")\r\n    current_role = user_context.get(\"current_role\", \"Not specified\")\r\n    courses = user_context.get(\"courses\", [])\r\n    skills = user_context.get(\"skills\", [])\r\n    time_availability = user_context.get(\"time_availability\", \"Not specified\")\r\n    additional_context = user_context.get(\"additional_context\", \"\")\r\n\r\n    # Format community experiences as context\r\n    experience_context = \"\"\r\n    for i, exp in enumerate(experiences, 1):\r\n        experience_context += f\"\"\"\r\nExperience {i}: \"{exp.get('title', '')}\"\r\n- What most people do: {exp.get('what_most_people_do', '')}\r\n- What this person did differently: {exp.get('what_i_did_differently', '')}\r\n- Their regret: {exp.get('what_i_regret', '')}\r\n- Outcome: {exp.get('outcome', '')}\r\n\"\"\"\r\n\r\n    prompt = f\"\"\"You are PathMentor, an expert career advisor that helps people differentiate themselves and achieve their goals faster.\r\n\r\nA user has provided their profile. Using insights from real community experiences AND your own expertise, generate a personalized, actionable roadmap.\r\n\r\n## User Profile\r\n- Role: {user_type.replace('_', ' ').title()}\r\n- Current Role/Situation: {current_role}\r\n- Goal: {goal.replace('_', ' ').title()}\r\n- Current Courses: {', '.join(courses) if courses else 'None listed'}\r\n- Current Skills: {', '.join(skills) if skills else 'None listed'}\r\n- Weekly Time Available: {time_availability}\r\n- Additional Context: {additional_context if additional_context else 'None'}\r\n\r\n## Real Community Experiences (what people in similar situations actually did)\r\n{experience_context if experience_context else \"No matching experiences yet — use your expertise.\"}\r\n\r\n## Your Task\r\nGenerate a personalized roadmap with EXACTLY this JSON structure and nothing else:\r\n\r\n{{\r\n  \"summary\": \"2-3 sentence summary of their situation and what will make them stand out\",\r\n  \"common_path_warning\": \"What most people in their situation do wrong or follow that won't differentiate them\",\r\n  \"unique_strategies\": [\r\n    {{\r\n      \"title\": \"Strategy title\",\r\n      \"description\": \"What to do and why it differentiates them specifically\",\r\n      \"time_to_start\": \"This week | This month | In 1-3 months\",\r\n      \"effort\": \"Low | Medium | High\",\r\n      \"impact\": \"Low | Medium | High\"\r\n    }}\r\n  ],\r\n  \"week_by_week_plan\": [\r\n    {{\r\n      \"week_range\": \"Week 1-2\",\r\n      \"focus\": \"Focus area\",\r\n      \"actions\": [\"Action 1\", \"Action 2\", \"Action 3\"]\r\n    }},\r\n    {{\r\n      \"week_range\": \"Week 3-4\",\r\n      \"focus\": \"Focus area\",\r\n      \"actions\": [\"Action 1\", \"Action 2\", \"Action 3\"]\r\n    }},\r\n    {{\r\n      \"week_range\": \"Month 2\",\r\n      \"focus\": \"Focus area\",\r\n      \"actions\": [\"Action 1\", \"Action 2\", \"Action 3\"]\r\n    }},\r\n    {{\r\n      \"week_range\": \"Month 3\",\r\n      \"focus\": \"Focus area\",\r\n      \"actions\": [\"Action 1\", \"Action 2\", \"Action 3\"]\r\n    }}\r\n  ],\r\n  \"regret_avoidance_tips\": [\r\n    \"Specific tip based on what people regret in similar situations\"\r\n  ],\r\n  \"differentiator_score\": {{\r\n    \"current\": 2,\r\n    \"potential\": 8,\r\n    \"explanation\": \"Brief explanation of current vs potential differentiation score out of 10\"\r\n  }}\r\n}}\r\n\r\nRespond with ONLY valid JSON. No markdown, no explanation, no preamble.\"\"\"\r\n\r\n    return prompt\r\n\r\n\r\ndef handler(event, context):\r\n    \"\"\"\r\n    POST /generate-plan\r\n    Body:\r\n      - user_type (required)\r\n      - goal (required)\r\n      - current_role (required)\r\n      - skills (list, optional)\r\n      - courses (list, optional)\r\n      - time_availability (string, optional)\r\n      - additional_context (string, optional)\r\n    \"\"\"\r\n    try:\r\n        if event.get(\"httpMethod\") == \"OPTIONS\":\r\n            return build_response(200, {})\r\n\r\n        body = json.loads(event.get(\"body\") or \"{}\")\r\n\r\n        user_type = body.get(\"user_type\")\r\n        goal = body.get(\"goal\")\r\n\r\n        if not user_type or not goal:\r\n            return build_response(400, {\r\n                \"error\": \"user_type and goal are required\"\r\n            })\r\n\r\n        # Fetch relevant community experiences for context\r\n        experiences = fetch_relevant_experiences(user_type, goal)\r\n\r\n        # Build the prompt\r\n        prompt = build_prompt(body, experiences)\r\n\r\n        # Call Amazon Bedrock — Claude 3 Sonnet\r\n        bedrock = get_bedrock_client()\r\n        model_id = os.environ.get(\"BEDROCK_MODEL_ID\", \"anthropic.claude-3-sonnet-20240229-v1:0\")\r\n\r\n        bedrock_body = {\r\n            \"anthropic_version\": \"bedrock-2023-05-31\",\r\n            \"max_tokens\": 2000,\r\n            \"messages\": [\r\n                {\r\n                    \"role\": \"user\",\r\n                    \"content\": prompt\r\n                }\r\n            ]\r\n        }\r\n\r\n        response = bedrock.invoke_model(\r\n            modelId=model_id,\r\n            body=json.dumps(bedrock_body),\r\n            contentType=\"application/json\",\r\n            accept=\"application/json\"\r\n        )\r\n\r\n        response_body = json.loads(response[\"body\"].read())\r\n        raw_text = response_body[\"content\"][0][\"text\"].strip()\r\n\r\n        # Parse the JSON response from Bedrock\r\n        # Strip markdown fences if model added them\r\n        if raw_text.startswith(\"```\"):\r\n            raw_text = raw_text.split(\"```\")[1]\r\n            if raw_text.startswith(\"json\"):\r\n                raw_text = raw_text[4:]\r\n        raw_text = raw_text.strip()\r\n\r\n        roadmap = json.loads(raw_text)\r\n\r\n        print(f\"Plan generated for user_type={user_type}, goal={goal}\")\r\n\r\n        return build_response(200, {\r\n            \"roadmap\": roadmap,\r\n            \"context_experiences_used\": len(experiences),\r\n            \"user_profile\": {\r\n                \"user_type\": user_type,\r\n                \"goal\": goal,\r\n                \"current_role\": body.get(\"current_role\", \"\"),\r\n            }\r\n        })\r\n\r\n    except json.JSONDecodeError as e:\r\n        print(f\"JSON parse error from Bedrock response: {e}\")\r\n        return build_response(500, {\r\n            \"error\": \"Failed to parse AI response\",\r\n            \"details\": str(e)\r\n        })\r\n    except Exception as e:\r\n        print(f\"Error in generate_plan: {str(e)}\")\r\n        return build_response(500, {\"error\": \"Internal server error\", \"details\": str(e)})\r\n",
                "filename": "generate_plan.py"
              }
            ],
            "source_content": null,
            "source_content_filename": null,
            "source_dir": null,
            "source_file": null,
            "type": "zip"
          },
          "sensitive_attributes": [],
          "identity_schema_version": 0
        }
      ]
    },
    {
      "mode": "data",
      "type": "archive_file",
      "name": "get_experiences",
      "provider": "provider[\"registry.terraform.io/hashicorp/archive\"]",
      "instances": [
        {
          "schema_version": 0,
          "attributes": {
            "exclude_symlink_directories": null,
            "excludes": null,
            "id": "9b7522fa9a930d3560d02226ba6dd618319335d5",
            "output_base64sha256": "SvwM0rTT8nnDsO5yTAv0QveVaDd4dBytr68tJvDjdT8=",
            "output_base64sha512": "TpFvuftmW9zbQ7X+aWtDUFQAniLzJCgryCO7QAz2IA3TOYYtHZuBYKpYMpUV3Wvju3+eJwYXpIRiXVuO+69XuA==",
            "output_file_mode": null,
            "output_md5": "641a26b3de1d284d6a4d2c6c4b515d51",
            "output_path": "./.lambda_zips/get_experiences.zip",
            "output_sha": "9b7522fa9a930d3560d02226ba6dd618319335d5",
            "output_sha256": "4afc0cd2b4d3f279c3b0ee724c0bf442f795683778741cadafaf2d26f0e3753f",
            "output_sha512": "4e916fb9fb665bdcdb43b5fe696b435054009e22f324282bc823bb400cf6200dd339862d1d9b8160aa58329515dd6be3bb7f9e270617a484625d5b8efbaf57b8",
            "output_size": 1761,
            "source": [
              {
                "content": "import boto3\r\nimport os\r\n\r\ndef get_dynamodb_resource():\r\n    \"\"\"\r\n    Returns a boto3 DynamoDB resource.\r\n    Uses the AWS region from environment variable or defaults to ca-central-1.\r\n    In Lambda, credentials are automatically provided via the execution role (LabRole).\r\n    \"\"\"\r\n    region = os.environ.get(\"AWS_REGION\", \"ca-central-1\")\r\n    return boto3.resource(\"dynamodb\", region_name=region)\r\n\r\ndef get_experiences_table():\r\n    \"\"\"Returns the DynamoDB Table resource for experiences.\"\"\"\r\n    dynamodb = get_dynamodb_resource()\r\n    table_name = os.environ.get(\"EXPERIENCES_TABLE\", \"pathmentor-experiences\")\r\n    return dynamodb.Table(table_name)",
                "filename": "shared/db_client.py"
              },
              {
                "content": "import json\r\nimport os\r\nimport sys\r\n\r\nsys.path.insert(0, os.path.join(os.path.dirname(__file__), \"..\"))\r\nfrom shared.db_client import get_experiences_table\r\nfrom boto3.dynamodb.conditions import Attr\r\n\r\n\r\ndef build_response(status_code, body):\r\n    return {\r\n        \"statusCode\": status_code,\r\n        \"headers\": {\r\n            \"Content-Type\": \"application/json\",\r\n            \"Access-Control-Allow-Origin\": \"*\",\r\n            \"Access-Control-Allow-Headers\": \"Content-Type\",\r\n            \"Access-Control-Allow-Methods\": \"GET,POST,OPTIONS\",\r\n        },\r\n        \"body\": json.dumps(body),\r\n    }\r\n\r\n\r\ndef handler(event, context):\r\n    \"\"\"\r\n    GET /experiences\r\n    Query params (all optional):\r\n      - user_type: cs_student | new_grad | professional\r\n      - goal:      get_coop | get_job | switch_job | improve_skills | get_promotion\r\n      - limit:     max number of results (default 20)\r\n    Returns list of experience entries sorted by upvotes descending.\r\n    \"\"\"\r\n    try:\r\n        table = get_experiences_table()\r\n        params = event.get(\"queryStringParameters\") or {}\r\n\r\n        user_type = params.get(\"user_type\")\r\n        goal = params.get(\"goal\")\r\n        limit = int(params.get(\"limit\", 20))\r\n\r\n        # Build filter expression dynamically\r\n        filter_expr = None\r\n\r\n        if user_type:\r\n            filter_expr = Attr(\"user_type\").eq(user_type)\r\n        if goal:\r\n            goal_filter = Attr(\"goal\").eq(goal)\r\n            filter_expr = filter_expr \u0026 goal_filter if filter_expr else goal_filter\r\n\r\n        # Scan table (small dataset for demo — acceptable at this scale)\r\n        if filter_expr:\r\n            response = table.scan(FilterExpression=filter_expr)\r\n        else:\r\n            response = table.scan()\r\n\r\n        items = response.get(\"Items\", [])\r\n\r\n        # Sort by upvotes descending\r\n        items.sort(key=lambda x: int(x.get(\"upvotes\", 0)), reverse=True)\r\n\r\n        # Apply limit\r\n        items = items[:limit]\r\n\r\n        # Convert Decimal to int/float for JSON serialization\r\n        items = convert_decimals(items)\r\n\r\n        return build_response(200, {\"experiences\": items, \"count\": len(items)})\r\n\r\n    except Exception as e:\r\n        print(f\"Error in get_experiences: {str(e)}\")\r\n        return build_response(500, {\"error\": \"Internal server error\", \"details\": str(e)})\r\n\r\n\r\ndef convert_decimals(obj):\r\n    \"\"\"Recursively convert DynamoDB Decimal types to native Python numbers.\"\"\"\r\n    from decimal import Decimal\r\n    if isinstance(obj, list):\r\n        return [convert_decimals(i) for i in obj]\r\n    elif isinstance(obj, dict):\r\n        return {k: convert_decimals(v) for k, v in obj.items()}\r\n    elif isinstance(obj, Decimal):\r\n        return int(obj) if obj % 1 == 0 else float(obj)\r\n    return obj",
                "filename": "get_experiences.py"
              }
            ],
            "source_content": null,
            "source_content_filename": null,
            "source_dir": null,
            "source_file": null,
            "type": "zip"
          },
          "sensitive_attributes": [],
          "identity_schema_version": 0
        }
      ]
    },
    {
      "mode": "data",
      "type": "archive_file",
      "name": "get_insights",
      "provider": "provider[\"registry.terraform.io/hashicorp/archive\"]",
      "instances": [
        {
          "schema_version": 0,
          "attributes": {
            "exclude_symlink_directories": null,
            "excludes": null,
            "id": "ee7af27405284960ca198652c3127d2e84fc117e",
            "output_base64sha256": "h9vnqi878nyw9QArwWzo+pR4tBolR26BVzVye0mhGcY=",
            "output_base64sha512": "wsKWBxs/thzj+UWR8DOEqp7/Dy4NsqXXF0oaP2VlPHYAPlHFM2Bmuy/lFLAfdberx69jJiXT9HHCAtdAfZI/PQ==",
            "output_file_mode": null,
            "output_md5": "9b7cbbad6bd75a0571ce94214fdb861c",
            "output_path": "./.lambda_zips/get_insights.zip",
            "output_sha": "ee7af27405284960ca198652c3127d2e84fc117e",
            "output_sha256": "87dbe7aa2f3bf27cb0f5002bc16ce8fa9478b41a25476e815735727b49a119c6",
            "output_sha512": "c2c296071b3fb61ce3f94591f03384aa9eff0f2e0db2a5d7174a1a3f65653c76003e51c5336066bb2fe514b01f75b7abc7af632625d3f471c202d7407d923f3d",
            "output_size": 2327,
            "source": [
              {
                "content": "import boto3\r\nimport os\r\n\r\ndef get_dynamodb_resource():\r\n    \"\"\"\r\n    Returns a boto3 DynamoDB resource.\r\n    Uses the AWS region from environment variable or defaults to ca-central-1.\r\n    In Lambda, credentials are automatically provided via the execution role (LabRole).\r\n    \"\"\"\r\n    region = os.environ.get(\"AWS_REGION\", \"ca-central-1\")\r\n    return boto3.resource(\"dynamodb\", region_name=region)\r\n\r\ndef get_experiences_table():\r\n    \"\"\"Returns the DynamoDB Table resource for experiences.\"\"\"\r\n    dynamodb = get_dynamodb_resource()\r\n    table_name = os.environ.get(\"EXPERIENCES_TABLE\", \"pathmentor-experiences\")\r\n    return dynamodb.Table(table_name)",
                "filename": "shared/db_client.py"
              },
              {
                "content": "import json\r\nimport os\r\nimport sys\r\nfrom collections import Counter\r\nfrom decimal import Decimal\r\n\r\nsys.path.insert(0, os.path.join(os.path.dirname(__file__), \"..\"))\r\nfrom shared.db_client import get_experiences_table\r\nfrom boto3.dynamodb.conditions import Attr\r\n\r\n\r\ndef build_response(status_code, body):\r\n    return {\r\n        \"statusCode\": status_code,\r\n        \"headers\": {\r\n            \"Content-Type\": \"application/json\",\r\n            \"Access-Control-Allow-Origin\": \"*\",\r\n            \"Access-Control-Allow-Headers\": \"Content-Type\",\r\n            \"Access-Control-Allow-Methods\": \"GET,POST,OPTIONS\",\r\n        },\r\n        \"body\": json.dumps(body, default=str),\r\n    }\r\n\r\n\r\ndef convert_decimals(obj):\r\n    if isinstance(obj, list):\r\n        return [convert_decimals(i) for i in obj]\r\n    elif isinstance(obj, dict):\r\n        return {k: convert_decimals(v) for k, v in obj.items()}\r\n    elif isinstance(obj, Decimal):\r\n        return int(obj) if obj % 1 == 0 else float(obj)\r\n    return obj\r\n\r\n\r\ndef handler(event, context):\r\n    \"\"\"\r\n    GET /insights\r\n    Query params:\r\n      - user_type (required): cs_student | new_grad | professional\r\n      - goal (required): get_coop | get_job | switch_job | improve_skills | get_promotion\r\n\r\n    Returns:\r\n      - common_patterns:   what most people do (aggregated)\r\n      - differentiators:   what helped people stand out (top strategies)\r\n      - regrets:           what people wish they had done\r\n      - top_skills:        most mentioned skills for this user_type+goal\r\n      - experience_count:  how many experiences matched\r\n      - top_experiences:   3 highest upvoted full entries for this filter\r\n    \"\"\"\r\n    try:\r\n        params = event.get(\"queryStringParameters\") or {}\r\n        user_type = params.get(\"user_type\")\r\n        goal = params.get(\"goal\")\r\n\r\n        if not user_type or not goal:\r\n            return build_response(400, {\r\n                \"error\": \"Both user_type and goal query parameters are required\"\r\n            })\r\n\r\n        table = get_experiences_table()\r\n\r\n        # Fetch all experiences matching user_type + goal\r\n        filter_expr = Attr(\"user_type\").eq(user_type) \u0026 Attr(\"goal\").eq(goal)\r\n        response = table.scan(FilterExpression=filter_expr)\r\n        items = response.get(\"Items\", [])\r\n        items = convert_decimals(items)\r\n\r\n        if not items:\r\n            # Fallback: fetch all for this user_type regardless of goal\r\n            fallback_response = table.scan(\r\n                FilterExpression=Attr(\"user_type\").eq(user_type)\r\n            )\r\n            items = convert_decimals(fallback_response.get(\"Items\", []))\r\n\r\n        if not items:\r\n            return build_response(200, {\r\n                \"common_patterns\": [],\r\n                \"differentiators\": [],\r\n                \"regrets\": [],\r\n                \"top_skills\": [],\r\n                \"experience_count\": 0,\r\n                \"top_experiences\": [],\r\n                \"message\": \"No experiences found yet for this profile. Be the first to contribute!\"\r\n            })\r\n\r\n        # ── Pattern Analysis ────────────────────────────────────────────────\r\n\r\n        # 1. Common Patterns — what most people do\r\n        common_patterns = [\r\n            {\r\n                \"text\": item[\"what_most_people_do\"],\r\n                \"source_title\": item[\"title\"],\r\n            }\r\n            for item in items\r\n            if item.get(\"what_most_people_do\")\r\n        ]\r\n\r\n        # 2. Differentiators — what people did differently (highest upvotes first)\r\n        sorted_items = sorted(items, key=lambda x: x.get(\"upvotes\", 0), reverse=True)\r\n        differentiators = [\r\n            {\r\n                \"text\": item[\"what_i_did_differently\"],\r\n                \"source_title\": item[\"title\"],\r\n                \"upvotes\": item.get(\"upvotes\", 0),\r\n            }\r\n            for item in sorted_items\r\n            if item.get(\"what_i_did_differently\")\r\n        ]\r\n\r\n        # 3. Regrets — what people wish they had done\r\n        regrets = [\r\n            {\r\n                \"text\": item[\"what_i_regret\"],\r\n                \"source_title\": item[\"title\"],\r\n                \"upvotes\": item.get(\"upvotes\", 0),\r\n            }\r\n            for item in sorted_items\r\n            if item.get(\"what_i_regret\")\r\n        ]\r\n\r\n        # 4. Top Skills — most frequently mentioned across matching experiences\r\n        all_skills = []\r\n        for item in items:\r\n            skills = item.get(\"skills_involved\", [])\r\n            if isinstance(skills, list):\r\n                all_skills.extend([s.strip() for s in skills if s.strip()])\r\n\r\n        skill_counts = Counter(all_skills)\r\n        top_skills = [\r\n            {\"skill\": skill, \"count\": count}\r\n            for skill, count in skill_counts.most_common(10)\r\n        ]\r\n\r\n        # 5. Top 3 full experiences by upvotes\r\n        top_experiences = sorted_items[:3]\r\n\r\n        return build_response(200, {\r\n            \"user_type\": user_type,\r\n            \"goal\": goal,\r\n            \"experience_count\": len(items),\r\n            \"common_patterns\": common_patterns[:5],\r\n            \"differentiators\": differentiators[:5],\r\n            \"regrets\": regrets[:5],\r\n            \"top_skills\": top_skills,\r\n            \"top_experiences\": top_experiences,\r\n        })\r\n\r\n    except Exception as e:\r\n        print(f\"Error in get_insights: {str(e)}\")\r\n        return build_response(500, {\"error\": \"Internal server error\", \"details\": str(e)})",
                "filename": "get_insights.py"
              }
            ],
            "source_content": null,
            "source_content_filename": null,
            "source_dir": null,
            "source_file": null,
            "type": "zip"
          },
          "sensitive_attributes": [],
          "identity_schema_version": 0
        }
      ]
    },
    {
      "mode": "data",
      "type": "archive_file",
      "name": "post_experience",
      "provider": "provider[\"registry.terraform.io/hashicorp/archive\"]",
      "instances": [
        {
          "schema_version": 0,
          "attributes": {
            "exclude_symlink_directories": null,
            "excludes": null,
            "id": "b44101b1bdaba941359a882390254c92475c9460",
            "output_base64sha256": "cXhRB0MHghR9Yn48K6sUIlsyZoFrX4ohNrtD6cwH91I=",
            "output_base64sha512": "HBUK67QBfuaTGrn2X/Rctbcf3T31vuD7iVUil/61j4PTNu1GnePN1flHZo8MokKNOAXAmcxlBz8JbBHmQmuikQ==",
            "output_file_mode": null,
            "output_md5": "d7ecaa0e2a34bcc99aed436526181619",
            "output_path": "./.lambda_zips/post_experience.zip",
            "output_sha": "b44101b1bdaba941359a882390254c92475c9460",
            "output_sha256": "71785107430782147d627e3c2bab14225b3266816b5f8a2136bb43e9cc07f752",
            "output_sha512": "1c150aebb4017ee6931ab9f65ff45cb5b71fdd3df5bee0fb89552297feb58f83d336ed469de3cdd5f947668f0ca2428d3805c099cc65073f096c11e6426ba291",
            "output_size": 1907,
            "source": [
              {
                "content": "import boto3\r\nimport os\r\n\r\ndef get_dynamodb_resource():\r\n    \"\"\"\r\n    Returns a boto3 DynamoDB resource.\r\n    Uses the AWS region from environment variable or defaults to ca-central-1.\r\n    In Lambda, credentials are automatically provided via the execution role (LabRole).\r\n    \"\"\"\r\n    region = os.environ.get(\"AWS_REGION\", \"ca-central-1\")\r\n    return boto3.resource(\"dynamodb\", region_name=region)\r\n\r\ndef get_experiences_table():\r\n    \"\"\"Returns the DynamoDB Table resource for experiences.\"\"\"\r\n    dynamodb = get_dynamodb_resource()\r\n    table_name = os.environ.get(\"EXPERIENCES_TABLE\", \"pathmentor-experiences\")\r\n    return dynamodb.Table(table_name)",
                "filename": "shared/db_client.py"
              },
              {
                "content": "import json\r\nimport os\r\nimport sys\r\nimport uuid\r\nfrom datetime import datetime, timezone\r\n\r\nsys.path.insert(0, os.path.join(os.path.dirname(__file__), \"..\"))\r\nfrom shared.db_client import get_experiences_table\r\n\r\n\r\ndef build_response(status_code, body):\r\n    return {\r\n        \"statusCode\": status_code,\r\n        \"headers\": {\r\n            \"Content-Type\": \"application/json\",\r\n            \"Access-Control-Allow-Origin\": \"*\",\r\n            \"Access-Control-Allow-Headers\": \"Content-Type\",\r\n            \"Access-Control-Allow-Methods\": \"GET,POST,OPTIONS\",\r\n        },\r\n        \"body\": json.dumps(body),\r\n    }\r\n\r\n\r\nVALID_USER_TYPES = {\"cs_student\", \"new_grad\", \"professional\"}\r\nVALID_GOALS = {\"get_coop\", \"get_job\", \"switch_job\", \"improve_skills\", \"get_promotion\"}\r\n\r\nREQUIRED_FIELDS = [\r\n    \"user_type\",\r\n    \"goal\",\r\n    \"title\",\r\n    \"what_i_did\",\r\n    \"what_most_people_do\",\r\n    \"what_i_did_differently\",\r\n    \"what_i_regret\",\r\n]\r\n\r\n\r\ndef handler(event, context):\r\n    \"\"\"\r\n    POST /experiences\r\n    Body (JSON):\r\n      - user_type (required)\r\n      - goal (required)\r\n      - title (required)\r\n      - what_i_did (required)\r\n      - what_most_people_do (required)\r\n      - what_i_did_differently (required)\r\n      - what_i_regret (required)\r\n      - skills_involved (optional list)\r\n      - time_investment (optional string)\r\n      - outcome (optional string)\r\n      - tags (optional list)\r\n    \"\"\"\r\n    try:\r\n        # Handle preflight OPTIONS\r\n        if event.get(\"httpMethod\") == \"OPTIONS\":\r\n            return build_response(200, {})\r\n\r\n        body = json.loads(event.get(\"body\") or \"{}\")\r\n\r\n        # Validate required fields\r\n        missing = [f for f in REQUIRED_FIELDS if not body.get(f)]\r\n        if missing:\r\n            return build_response(400, {\r\n                \"error\": \"Missing required fields\",\r\n                \"missing_fields\": missing\r\n            })\r\n\r\n        # Validate enum values\r\n        if body[\"user_type\"] not in VALID_USER_TYPES:\r\n            return build_response(400, {\r\n                \"error\": f\"Invalid user_type. Must be one of: {', '.join(VALID_USER_TYPES)}\"\r\n            })\r\n\r\n        if body[\"goal\"] not in VALID_GOALS:\r\n            return build_response(400, {\r\n                \"error\": f\"Invalid goal. Must be one of: {', '.join(VALID_GOALS)}\"\r\n            })\r\n\r\n        # Build experience item\r\n        experience_id = f\"exp_{uuid.uuid4().hex[:8]}\"\r\n        now = datetime.now(timezone.utc).isoformat()\r\n\r\n        item = {\r\n            \"experience_id\": experience_id,\r\n            \"user_type\": body[\"user_type\"],\r\n            \"goal\": body[\"goal\"],\r\n            \"title\": body[\"title\"].strip(),\r\n            \"what_i_did\": body[\"what_i_did\"].strip(),\r\n            \"what_most_people_do\": body[\"what_most_people_do\"].strip(),\r\n            \"what_i_did_differently\": body[\"what_i_did_differently\"].strip(),\r\n            \"what_i_regret\": body[\"what_i_regret\"].strip(),\r\n            \"skills_involved\": body.get(\"skills_involved\", []),\r\n            \"time_investment\": body.get(\"time_investment\", \"\"),\r\n            \"outcome\": body.get(\"outcome\", \"\"),\r\n            \"tags\": body.get(\"tags\", []),\r\n            \"upvotes\": 0,\r\n            \"created_at\": now,\r\n            \"is_user_submitted\": True,\r\n        }\r\n\r\n        table = get_experiences_table()\r\n        table.put_item(Item=item)\r\n\r\n        print(f\"New experience submitted: {experience_id} by user_type={body['user_type']}\")\r\n\r\n        return build_response(201, {\r\n            \"message\": \"Experience submitted successfully\",\r\n            \"experience_id\": experience_id,\r\n        })\r\n\r\n    except json.JSONDecodeError:\r\n        return build_response(400, {\"error\": \"Invalid JSON in request body\"})\r\n    except Exception as e:\r\n        print(f\"Error in post_experience: {str(e)}\")\r\n        return build_response(500, {\"error\": \"Internal server error\", \"details\": str(e)})",
                "filename": "post_experience.py"
              }
            ],
            "source_content": null,
            "source_content_filename": null,
            "source_dir": null,
            "source_file": null,
            "type": "zip"
          },
          "sensitive_attributes": [],
          "identity_schema_version": 0
        }
      ]
    },
    {
      "mode": "data",
      "type": "aws_ami",
      "name": "amazon_linux",
      "provider": "provider[\"registry.terraform.io/hashicorp/aws\"]",
      "instances": [
        {
          "schema_version": 0,
          "attributes": {
            "architecture": "x86_64",
            "arn": "arn:aws:ec2:ca-central-1::image/ami-09155def8f3f1a9ef",
            "block_device_mappings": [
              {
                "device_name": "/dev/xvda",
                "ebs": {
                  "delete_on_termination": "true",
                  "encrypted": "false",
                  "iops": "0",
                  "snapshot_id": "snap-0baf6617388fd7b52",
                  "throughput": "0",
                  "volume_initialization_rate": "0",
                  "volume_size": "8",
                  "volume_type": "gp2"
                },
                "no_device": "",
                "virtual_name": ""
              }
            ],
            "boot_mode": "",
            "creation_date": "2026-02-26T18:42:11.000Z",
            "deprecation_time": "2026-05-27T18:48:00.000Z",
            "description": "Amazon Linux 2 AMI 2.0.20260302.0 x86_64 HVM gp2",
            "ena_support": true,
            "executable_users": null,
            "filter": [
              {
                "name": "name",
                "values": [
                  "amzn2-ami-hvm-2.0.*-x86_64-gp2"
                ]
              }
            ],
            "hypervisor": "xen",
            "id": "ami-09155def8f3f1a9ef",
            "image_id": "ami-09155def8f3f1a9ef",
            "image_location": "amazon/amzn2-ami-hvm-2.0.20260302.0-x86_64-gp2",
            "image_owner_alias": "amazon",
            "image_type": "machine",
            "imds_support": "",
            "include_deprecated": false,
            "kernel_id": "",
            "last_launched_time": "",
            "most_recent": true,
            "name": "amzn2-ami-hvm-2.0.20260302.0-x86_64-gp2",
            "name_regex": null,
            "owner_id": "137112412989",
            "owners": [
              "amazon"
            ],
            "platform": "",
            "platform_details": "Linux/UNIX",
            "product_codes": [],
            "public": true,
            "ramdisk_id": "",
            "root_device_name": "/dev/xvda",
            "root_device_type": "ebs",
            "root_snapshot_id": "snap-0baf6617388fd7b52",
            "sriov_net_support": "simple",
            "state": "available",
            "state_reason": {
              "code": "UNSET",
              "message": "UNSET"
            },
            "tags": {},
            "timeouts": null,
            "tpm_support": "",
            "uefi_data": null,
            "usage_operation": "RunInstances",
            "virtualization_type": "hvm"
          },
          "sensitive_attributes": [],
          "identity_schema_version": 0
        }
      ]
    },
    {
      "mode": "data",
      "type": "aws_caller_identity",
      "name": "main",
      "provider": "provider[\"registry.terraform.io/hashicorp/aws\"]",
      "instances": [
        {
          "schema_version": 0,
          "attributes": {
            "account_id": "384601337267",
            "arn": "arn:aws:sts::384601337267:assumed-role/AWSReservedSSO_fcscrs_IsbUsersPS_b700625a5b8e1bb1/wn641065@dal.ca",
            "id": "384601337267",
            "user_id": "AROAVTDAGVWZTBEV5XKNV:wn641065@dal.ca"
          },
          "sensitive_attributes": [],
          "identity_schema_version": 0
        }
      ]
    },
    {
      "mode": "data",
      "type": "aws_iam_policy_document",
      "name": "frontend_s3_policy",
      "provider": "provider[\"registry.terraform.io/hashicorp/aws\"]",
      "instances": [
        {
          "schema_version": 0,
          "attributes": {
            "id": "2409431957",
            "json": "{\n  \"Version\": \"2012-10-17\",\n  \"Statement\": [\n    {\n      \"Sid\": \"AllowCloudFrontOAC\",\n      \"Effect\": \"Allow\",\n      \"Action\": \"s3:GetObject\",\n      \"Resource\": \"arn:aws:s3:::pathmentor-frontend-c3ef6acf/*\",\n      \"Principal\": {\n        \"Service\": \"cloudfront.amazonaws.com\"\n      },\n      \"Condition\": {\n        \"StringEquals\": {\n          \"AWS:SourceArn\": \"arn:aws:cloudfront::384601337267:distribution/E14KGRMRBS5S8U\"\n        }\n      }\n    }\n  ]\n}",
            "minified_json": "{\"Version\":\"2012-10-17\",\"Statement\":[{\"Sid\":\"AllowCloudFrontOAC\",\"Effect\":\"Allow\",\"Action\":\"s3:GetObject\",\"Resource\":\"arn:aws:s3:::pathmentor-frontend-c3ef6acf/*\",\"Principal\":{\"Service\":\"cloudfront.amazonaws.com\"},\"Condition\":{\"StringEquals\":{\"AWS:SourceArn\":\"arn:aws:cloudfront::384601337267:distribution/E14KGRMRBS5S8U\"}}}]}",
            "override_json": null,
            "override_policy_documents": null,
            "policy_id": null,
            "source_json": null,
            "source_policy_documents": null,
            "statement": [
              {
                "actions": [
                  "s3:GetObject"
                ],
                "condition": [
                  {
                    "test": "StringEquals",
                    "values": [
                      "arn:aws:cloudfront::384601337267:distribution/E14KGRMRBS5S8U"
                    ],
                    "variable": "AWS:SourceArn"
                  }
                ],
                "effect": "Allow",
                "not_actions": [],
                "not_principals": [],
                "not_resources": [],
                "principals": [
                  {
                    "identifiers": [
                      "cloudfront.amazonaws.com"
                    ],
                    "type": "Service"
                  }
                ],
                "resources": [
                  "arn:aws:s3:::pathmentor-frontend-c3ef6acf/*"
                ],
                "sid": "AllowCloudFrontOAC"
              }
            ],
            "version": "2012-10-17"
          },
          "sensitive_attributes": [],
          "identity_schema_version": 0
        }
      ]
    },
    {
      "mode": "data",
      "type": "aws_iam_policy_document",
      "name": "lambda_assume_role",
      "provider": "provider[\"registry.terraform.io/hashicorp/aws\"]",
      "instances": [
        {
          "schema_version": 0,
          "attributes": {
            "id": "2690255455",
            "json": "{\n  \"Version\": \"2012-10-17\",\n  \"Statement\": [\n    {\n      \"Effect\": \"Allow\",\n      \"Action\": \"sts:AssumeRole\",\n      \"Principal\": {\n        \"Service\": \"lambda.amazonaws.com\"\n      }\n    }\n  ]\n}",
            "minified_json": "{\"Version\":\"2012-10-17\",\"Statement\":[{\"Effect\":\"Allow\",\"Action\":\"sts:AssumeRole\",\"Principal\":{\"Service\":\"lambda.amazonaws.com\"}}]}",
            "override_json": null,
            "override_policy_documents": null,
            "policy_id": null,
            "source_json": null,
            "source_policy_documents": null,
            "statement": [
              {
                "actions": [
                  "sts:AssumeRole"
                ],
                "condition": [],
                "effect": "Allow",
                "not_actions": [],
                "not_principals": [],
                "not_resources": [],
                "principals": [
                  {
                    "identifiers": [
                      "lambda.amazonaws.com"
                    ],
                    "type": "Service"
                  }
                ],
                "resources": [],
                "sid": ""
              }
            ],
            "version": "2012-10-17"
          },
          "sensitive_attributes": [],
          "identity_schema_version": 0
        }
      ]
    },
    {
      "mode": "data",
      "type": "aws_vpc",
      "name": "default",
      "provider": "provider[\"registry.terraform.io/hashicorp/aws\"]",
      "instances": [
        {
          "schema_version": 0,
          "attributes": {
            "arn": "arn:aws:ec2:ca-central-1:384601337267:vpc/vpc-02ec2b9b366ffc6f7",
            "cidr_block": "172.31.0.0/16",
            "cidr_block_associations": [
              {
                "association_id": "vpc-cidr-assoc-03914588b8d0c2538",
                "cidr_block": "172.31.0.0/16",
                "state": "associated"
              }
            ],
            "default": true,
            "dhcp_options_id": "dopt-00b1334c4ec5a34a3",
            "enable_dns_hostnames": true,
            "enable_dns_support": true,
            "enable_network_address_usage_metrics": false,
            "filter": null,
            "id": "vpc-02ec2b9b366ffc6f7",
            "instance_tenancy": "default",
            "ipv6_association_id": "",
            "ipv6_cidr_block": "",
            "main_route_table_id": "rtb-096f3e0fc7b8bf172",
            "owner_id": "384601337267",
            "state": null,
            "tags": {},
            "timeouts": null
          },
          "sensitive_attributes": [],
          "identity_schema_version": 0
        }
      ]
    },
    {
      "mode": "managed",
      "type": "aws_api_gateway_deployment",
      "name": "pathmentor",
      "provider": "provider[\"registry.terraform.io/hashicorp/aws\"]",
      "instances": [
        {
          "schema_version": 0,
          "attributes": {
            "canary_settings": [],
            "created_date": "2026-03-27T20:55:22Z",
            "description": "",
            "execution_arn": "arn:aws:execute-api:ca-central-1:384601337267:vspnlhea34/",
            "id": "ssj0p4",
            "invoke_url": "https://vspnlhea34.execute-api.ca-central-1.amazonaws.com/",
            "rest_api_id": "vspnlhea34",
            "stage_description": null,
            "stage_name": null,
            "triggers": {
              "redeployment": "7c1a847f1ee82be15e78c7c37101047f6ac10b54"
            },
            "variables": null
          },
          "sensitive_attributes": [],
          "identity_schema_version": 0,
          "private": "bnVsbA==",
          "dependencies": [
            "aws_api_gateway_integration.experiences_options",
            "aws_api_gateway_integration.generate_plan_options",
            "aws_api_gateway_integration.get_experiences",
            "aws_api_gateway_integration.get_insights",
            "aws_api_gateway_integration.insights_options",
            "aws_api_gateway_integration.post_experience",
            "aws_api_gateway_integration.post_generate_plan",
            "aws_api_gateway_method.experiences_options",
            "aws_api_gateway_method.generate_plan_options",
            "aws_api_gateway_method.get_experiences",
            "aws_api_gateway_method.get_insights",
            "aws_api_gateway_method.insights_options",
            "aws_api_gateway_method.post_experience",
            "aws_api_gateway_method.post_generate_plan",
            "aws_api_gateway_resource.experiences",
            "aws_api_gateway_resource.generate_plan",
            "aws_api_gateway_resource.insights",
            "aws_api_gateway_rest_api.pathmentor_api",
            "aws_cloudwatch_log_group.lambda_generate_plan",
            "aws_cloudwatch_log_group.lambda_get_experiences",
            "aws_cloudwatch_log_group.lambda_get_insights",
            "aws_cloudwatch_log_group.lambda_post_experience",
            "aws_dynamodb_table.experiences",
            "aws_iam_role.lambda_role",
            "aws_iam_role_policy_attachment.lambda_dynamodb",
            "aws_iam_role_policy_attachment.lambda_logs",
            "aws_lambda_function.generate_plan",
            "aws_lambda_function.get_experiences",
            "aws_lambda_function.get_insights",
            "aws_lambda_function.post_experience",
            "data.archive_file.generate_plan",
            "data.archive_file.get_experiences",
            "data.archive_file.get_insights",
            "data.archive_file.post_experience",
            "data.aws_iam_policy_document.lambda_assume_role"
          ],
          "create_before_destroy": true
        }
      ]
    },
    {
      "mode": "managed",
      "type": "aws_api_gateway_integration",
      "name": "experiences_options",
      "provider": "provider[\"registry.terraform.io/hashicorp/aws\"]",
      "instances": [
        {
          "schema_version": 0,
          "attributes": {
            "cache_key_parameters": [],
            "cache_namespace": "noi590",
            "connection_id": "",
            "connection_type": "INTERNET",
            "content_handling": "",
            "credentials": "",
            "http_method": "OPTIONS",
            "id": "agi-vspnlhea34-noi590-OPTIONS",
            "integration_http_method": "",
            "passthrough_behavior": "WHEN_NO_MATCH",
            "request_parameters": {},
            "request_templates": {
              "application/json": "{\"statusCode\": 200}"
            },
            "resource_id": "noi590",
            "rest_api_id": "vspnlhea34",
            "timeout_milliseconds": 29000,
            "tls_config": [],
            "type": "MOCK",
            "uri": ""
          },
          "sensitive_attributes": [],
          "identity_schema_version": 0,
          "private": "bnVsbA==",
          "dependencies": [
            "aws_api_gateway_method.experiences_options",
            "aws_api_gateway_resource.experiences",
            "aws_api_gateway_rest_api.pathmentor_api"
          ],
          "create_before_destroy": true
        }
      ]
    },
    {
      "mode": "managed",
      "type": "aws_api_gateway_integration",
      "name": "generate_plan_options",
      "provider": "provider[\"registry.terraform.io/hashicorp/aws\"]",
      "instances": [
        {
          "schema_version": 0,
          "attributes": {
            "cache_key_parameters": [],
            "cache_namespace": "2mx8mb",
            "connection_id": "",
            "connection_type": "INTERNET",
            "content_handling": "",
            "credentials": "",
            "http_method": "OPTIONS",
            "id": "agi-vspnlhea34-2mx8mb-OPTIONS",
            "integration_http_method": "",
            "passthrough_behavior": "WHEN_NO_MATCH",
            "request_parameters": {},
            "request_templates": {
              "application/json": "{\"statusCode\": 200}"
            },
            "resource_id": "2mx8mb",
            "rest_api_id": "vspnlhea34",
            "timeout_milliseconds": 29000,
            "tls_config": [],
            "type": "MOCK",
            "uri": ""
          },
          "sensitive_attributes": [],
          "identity_schema_version": 0,
          "private": "bnVsbA==",
          "dependencies": [
            "aws_api_gateway_method.generate_plan_options",
            "aws_api_gateway_resource.generate_plan",
            "aws_api_gateway_rest_api.pathmentor_api"
          ],
          "create_before_destroy": true
        }
      ]
    },
    {
      "mode": "managed",
      "type": "aws_api_gateway_integration",
      "name": "get_experiences",
      "provider": "provider[\"registry.terraform.io/hashicorp/aws\"]",
      "instances": [
        {
          "schema_version": 0,
          "attributes": {
            "cache_key_parameters": [],
            "cache_namespace": "noi590",
            "connection_id": "",
            "connection_type": "INTERNET",
            "content_handling": "",
            "credentials": "",
            "http_method": "GET",
            "id": "agi-vspnlhea34-noi590-GET",
            "integration_http_method": "POST",
            "passthrough_behavior": "WHEN_NO_MATCH",
            "request_parameters": {},
            "request_templates": {},
            "resource_id": "noi590",
            "rest_api_id": "vspnlhea34",
            "timeout_milliseconds": 29000,
            "tls_config": [],
            "type": "AWS_PROXY",
            "uri": "arn:aws:apigateway:ca-central-1:lambda:path/2015-03-31/functions/arn:aws:lambda:ca-central-1:384601337267:function:pathmentor-get-experiences/invocations"
          },
          "sensitive_attributes": [],
          "identity_schema_version": 0,
          "private": "bnVsbA==",
          "dependencies": [
            "aws_api_gateway_method.get_experiences",
            "aws_api_gateway_resource.experiences",
            "aws_api_gateway_rest_api.pathmentor_api",
            "aws_cloudwatch_log_group.lambda_get_experiences",
            "aws_dynamodb_table.experiences",
            "aws_iam_role.lambda_role",
            "aws_iam_role_policy_attachment.lambda_dynamodb",
            "aws_iam_role_policy_attachment.lambda_logs",
            "aws_lambda_function.get_experiences",
            "data.archive_file.get_experiences",
            "data.aws_iam_policy_document.lambda_assume_role"
          ],
          "create_before_destroy": true
        }
      ]
    },
    {
      "mode": "managed",
      "type": "aws_api_gateway_integration",
      "name": "get_insights",
      "provider": "provider[\"registry.terraform.io/hashicorp/aws\"]",
      "instances": [
        {
          "schema_version": 0,
          "attributes": {
            "cache_key_parameters": [],
            "cache_namespace": "9vy98b",
            "connection_id": "",
            "connection_type": "INTERNET",
            "content_handling": "",
            "credentials": "",
            "http_method": "GET",
            "id": "agi-vspnlhea34-9vy98b-GET",
            "integration_http_method": "POST",
            "passthrough_behavior": "WHEN_NO_MATCH",
            "request_parameters": {},
            "request_templates": {},
            "resource_id": "9vy98b",
            "rest_api_id": "vspnlhea34",
            "timeout_milliseconds": 29000,
            "tls_config": [],
            "type": "AWS_PROXY",
            "uri": "arn:aws:apigateway:ca-central-1:lambda:path/2015-03-31/functions/arn:aws:lambda:ca-central-1:384601337267:function:pathmentor-get-insights/invocations"
          },
          "sensitive_attributes": [],
          "identity_schema_version": 0,
          "private": "bnVsbA==",
          "dependencies": [
            "aws_api_gateway_method.get_insights",
            "aws_api_gateway_resource.insights",
            "aws_api_gateway_rest_api.pathmentor_api",
            "aws_cloudwatch_log_group.lambda_get_insights",
            "aws_dynamodb_table.experiences",
            "aws_iam_role.lambda_role",
            "aws_iam_role_policy_attachment.lambda_dynamodb",
            "aws_iam_role_policy_attachment.lambda_logs",
            "aws_lambda_function.get_insights",
            "data.archive_file.get_insights",
            "data.aws_iam_policy_document.lambda_assume_role"
          ],
          "create_before_destroy": true
        }
      ]
    },
    {
      "mode": "managed",
      "type": "aws_api_gateway_integration",
      "name": "insights_options",
      "provider": "provider[\"registry.terraform.io/hashicorp/aws\"]",
      "instances": [
        {
          "schema_version": 0,
          "attributes": {
            "cache_key_parameters": [],
            "cache_namespace": "9vy98b",
            "connection_id": "",
            "connection_type": "INTERNET",
            "content_handling": "",
            "credentials": "",
            "http_method": "OPTIONS",
            "id": "agi-vspnlhea34-9vy98b-OPTIONS",
            "integration_http_method": "",
            "passthrough_behavior": "WHEN_NO_MATCH",
            "request_parameters": {},
            "request_templates": {
              "application/json": "{\"statusCode\": 200}"
            },
            "resource_id": "9vy98b",
            "rest_api_id": "vspnlhea34",
            "timeout_milliseconds": 29000,
            "tls_config": [],
            "type": "MOCK",
            "uri": ""
          },
          "sensitive_attributes": [],
          "identity_schema_version": 0,
          "private": "bnVsbA==",
          "dependencies": [
            "aws_api_gateway_method.insights_options",
            "aws_api_gateway_resource.insights",
            "aws_api_gateway_rest_api.pathmentor_api"
          ],
          "create_before_destroy": true
        }
      ]
    },
    {
      "mode": "managed",
      "type": "aws_api_gateway_integration",
      "name": "post_experience",
      "provider": "provider[\"registry.terraform.io/hashicorp/aws\"]",
      "instances": [
        {
          "schema_version": 0,
          "attributes": {
            "cache_key_parameters": [],
            "cache_namespace": "noi590",
            "connection_id": "",
            "connection_type": "INTERNET",
            "content_handling": "",
            "credentials": "",
            "http_method": "POST",
            "id": "agi-vspnlhea34-noi590-POST",
            "integration_http_method": "POST",
            "passthrough_behavior": "WHEN_NO_MATCH",
            "request_parameters": {},
            "request_templates": {},
            "resource_id": "noi590",
            "rest_api_id": "vspnlhea34",
            "timeout_milliseconds": 29000,
            "tls_config": [],
            "type": "AWS_PROXY",
            "uri": "arn:aws:apigateway:ca-central-1:lambda:path/2015-03-31/functions/arn:aws:lambda:ca-central-1:384601337267:function:pathmentor-post-experience/invocations"
          },
          "sensitive_attributes": [],
          "identity_schema_version": 0,
          "private": "bnVsbA==",
          "dependencies": [
            "aws_api_gateway_method.post_experience",
            "aws_api_gateway_resource.experiences",
            "aws_api_gateway_rest_api.pathmentor_api",
            "aws_cloudwatch_log_group.lambda_post_experience",
            "aws_dynamodb_table.experiences",
            "aws_iam_role.lambda_role",
            "aws_iam_role_policy_attachment.lambda_dynamodb",
            "aws_iam_role_policy_attachment.lambda_logs",
            "aws_lambda_function.post_experience",
            "data.archive_file.post_experience",
            "data.aws_iam_policy_document.lambda_assume_role"
          ],
          "create_before_destroy": true
        }
      ]
    },
    {
      "mode": "managed",
      "type": "aws_api_gateway_integration",
      "name": "post_generate_plan",
      "provider": "provider[\"registry.terraform.io/hashicorp/aws\"]",
      "instances": [
        {
          "schema_version": 0,
          "attributes": {
            "cache_key_parameters": [],
            "cache_namespace": "2mx8mb",
            "connection_id": "",
            "connection_type": "INTERNET",
            "content_handling": "",
            "credentials": "",
            "http_method": "POST",
            "id": "agi-vspnlhea34-2mx8mb-POST",
            "integration_http_method": "POST",
            "passthrough_behavior": "WHEN_NO_MATCH",
            "request_parameters": {},
            "request_templates": {},
            "resource_id": "2mx8mb",
            "rest_api_id": "vspnlhea34",
            "timeout_milliseconds": 29000,
            "tls_config": [],
            "type": "AWS_PROXY",
            "uri": "arn:aws:apigateway:ca-central-1:lambda:path/2015-03-31/functions/arn:aws:lambda:ca-central-1:384601337267:function:pathmentor-generate-plan/invocations"
          },
          "sensitive_attributes": [],
          "identity_schema_version": 0,
          "private": "bnVsbA==",
          "dependencies": [
            "aws_api_gateway_method.post_generate_plan",
            "aws_api_gateway_resource.generate_plan",
            "aws_api_gateway_rest_api.pathmentor_api",
            "aws_cloudwatch_log_group.lambda_generate_plan",
            "aws_dynamodb_table.experiences",
            "aws_iam_role.lambda_role",
            "aws_iam_role_policy_attachment.lambda_dynamodb",
            "aws_iam_role_policy_attachment.lambda_logs",
            "aws_lambda_function.generate_plan",
            "data.archive_file.generate_plan",
            "data.aws_iam_policy_document.lambda_assume_role"
          ],
          "create_before_destroy": true
        }
      ]
    },
    {
      "mode": "managed",
      "type": "aws_api_gateway_integration_response",
      "name": "experiences_options",
      "provider": "provider[\"registry.terraform.io/hashicorp/aws\"]",
      "instances": [
        {
          "schema_version": 0,
          "attributes": {
            "content_handling": "",
            "http_method": "OPTIONS",
            "id": "agir-vspnlhea34-noi590-OPTIONS-200",
            "resource_id": "noi590",
            "response_parameters": {
              "method.response.header.Access-Control-Allow-Headers": "'Content-Type,X-Amz-Date,Authorization'",
              "method.response.header.Access-Control-Allow-Methods": "'GET,POST,OPTIONS'",
              "method.response.header.Access-Control-Allow-Origin": "'*'"
            },
            "response_templates": {},
            "rest_api_id": "vspnlhea34",
            "selection_pattern": "",
            "status_code": "200"
          },
          "sensitive_attributes": [],
          "identity_schema_version": 0,
          "private": "bnVsbA==",
          "dependencies": [
            "aws_api_gateway_method.experiences_options",
            "aws_api_gateway_method_response.experiences_options_200",
            "aws_api_gateway_resource.experiences",
            "aws_api_gateway_rest_api.pathmentor_api"
          ]
        }
      ]
    },
    {
      "mode": "managed",
      "type": "aws_api_gateway_integration_response",
      "name": "generate_plan_options",
      "provider": "provider[\"registry.terraform.io/hashicorp/aws\"]",
      "instances": [
        {
          "schema_version": 0,
          "attributes": {
            "content_handling": "",
            "http_method": "OPTIONS",
            "id": "agir-vspnlhea34-2mx8mb-OPTIONS-200",
            "resource_id": "2mx8mb",
            "response_parameters": {
              "method.response.header.Access-Control-Allow-Headers": "'Content-Type,X-Amz-Date,Authorization'",
              "method.response.header.Access-Control-Allow-Methods": "'POST,OPTIONS'",
              "method.response.header.Access-Control-Allow-Origin": "'*'"
            },
            "response_templates": {},
            "rest_api_id": "vspnlhea34",
            "selection_pattern": "",
            "status_code": "200"
          },
          "sensitive_attributes": [],
          "identity_schema_version": 0,
          "private": "bnVsbA==",
          "dependencies": [
            "aws_api_gateway_method.generate_plan_options",
            "aws_api_gateway_method_response.generate_plan_options_200",
            "aws_api_gateway_resource.generate_plan",
            "aws_api_gateway_rest_api.pathmentor_api"
          ]
        }
      ]
    },
    {
      "mode": "managed",
      "type": "aws_api_gateway_integration_response",
      "name": "insights_options",
      "provider": "provider[\"registry.terraform.io/hashicorp/aws\"]",
      "instances": [
        {
          "schema_version": 0,
          "attributes": {
            "content_handling": "",
            "http_method": "OPTIONS",
            "id": "agir-vspnlhea34-9vy98b-OPTIONS-200",
            "resource_id": "9vy98b",
            "response_parameters": {
              "method.response.header.Access-Control-Allow-Headers": "'Content-Type,X-Amz-Date,Authorization'",
              "method.response.header.Access-Control-Allow-Methods": "'GET,OPTIONS'",
              "method.response.header.Access-Control-Allow-Origin": "'*'"
            },
            "response_templates": {},
            "rest_api_id": "vspnlhea34",
            "selection_pattern": "",
            "status_code": "200"
          },
          "sensitive_attributes": [],
          "identity_schema_version": 0,
          "private": "bnVsbA==",
          "dependencies": [
            "aws_api_gateway_method.insights_options",
            "aws_api_gateway_method_response.insights_options_200",
            "aws_api_gateway_resource.insights",
            "aws_api_gateway_rest_api.pathmentor_api"
          ]
        }
      ]
    },
    {
      "mode": "managed",
      "type": "aws_api_gateway_method",
      "name": "experiences_options",
      "provider": "provider[\"registry.terraform.io/hashicorp/aws\"]",
      "instances": [
        {
          "schema_version": 0,
          "attributes": {
            "api_key_required": false,
            "authorization": "NONE",
            "authorization_scopes": [],
            "authorizer_id": "",
            "http_method": "OPTIONS",
            "id": "agm-vspnlhea34-noi590-OPTIONS",
            "operation_name": "",
            "request_models": {},
            "request_parameters": {},
            "request_validator_id": "",
            "resource_id": "noi590",
            "rest_api_id": "vspnlhea34"
          },
          "sensitive_attributes": [],
          "identity_schema_version": 0,
          "private": "bnVsbA==",
          "dependencies": [
            "aws_api_gateway_resource.experiences",
            "aws_api_gateway_rest_api.pathmentor_api"
          ],
          "create_before_destroy": true
        }
      ]
    },
    {
      "mode": "managed",
      "type": "aws_api_gateway_method",
      "name": "generate_plan_options",
      "provider": "provider[\"registry.terraform.io/hashicorp/aws\"]",
      "instances": [
        {
          "schema_version": 0,
          "attributes": {
            "api_key_required": false,
            "authorization": "NONE",
            "authorization_scopes": [],
            "authorizer_id": "",
            "http_method": "OPTIONS",
            "id": "agm-vspnlhea34-2mx8mb-OPTIONS",
            "operation_name": "",
            "request_models": {},
            "request_parameters": {},
            "request_validator_id": "",
            "resource_id": "2mx8mb",
            "rest_api_id": "vspnlhea34"
          },
          "sensitive_attributes": [],
          "identity_schema_version": 0,
          "private": "bnVsbA==",
          "dependencies": [
            "aws_api_gateway_resource.generate_plan",
            "aws_api_gateway_rest_api.pathmentor_api"
          ],
          "create_before_destroy": true
        }
      ]
    },
    {
      "mode": "managed",
      "type": "aws_api_gateway_method",
      "name": "get_experiences",
      "provider": "provider[\"registry.terraform.io/hashicorp/aws\"]",
      "instances": [
        {
          "schema_version": 0,
          "attributes": {
            "api_key_required": false,
            "authorization": "NONE",
            "authorization_scopes": [],
            "authorizer_id": "",
            "http_method": "GET",
            "id": "agm-vspnlhea34-noi590-GET",
            "operation_name": "",
            "request_models": {},
            "request_parameters": {},
            "request_validator_id": "",
            "resource_id": "noi590",
            "rest_api_id": "vspnlhea34"
          },
          "sensitive_attributes": [],
          "identity_schema_version": 0,
          "private": "bnVsbA==",
          "dependencies": [
            "aws_api_gateway_resource.experiences",
            "aws_api_gateway_rest_api.pathmentor_api"
          ],
          "create_before_destroy": true
        }
      ]
    },
    {
      "mode": "managed",
      "type": "aws_api_gateway_method",
      "name": "get_insights",
      "provider": "provider[\"registry.terraform.io/hashicorp/aws\"]",
      "instances": [
        {
          "schema_version": 0,
          "attributes": {
            "api_key_required": false,
            "authorization": "NONE",
            "authorization_scopes": [],
            "authorizer_id": "",
            "http_method": "GET",
            "id": "agm-vspnlhea34-9vy98b-GET",
            "operation_name": "",
            "request_models": {},
            "request_parameters": {},
            "request_validator_id": "",
            "resource_id": "9vy98b",
            "rest_api_id": "vspnlhea34"
          },
          "sensitive_attributes": [],
          "identity_schema_version": 0,
          "private": "bnVsbA==",
          "dependencies": [
            "aws_api_gateway_resource.insights",
            "aws_api_gateway_rest_api.pathmentor_api"
          ],
          "create_before_destroy": true
        }
      ]
    },
    {
      "mode": "managed",
      "type": "aws_api_gateway_method",
      "name": "insights_options",
      "provider": "provider[\"registry.terraform.io/hashicorp/aws\"]",
      "instances": [
        {
          "schema_version": 0,
          "attributes": {
            "api_key_required": false,
            "authorization": "NONE",
            "authorization_scopes": [],
            "authorizer_id": "",
            "http_method": "OPTIONS",
            "id": "agm-vspnlhea34-9vy98b-OPTIONS",
            "operation_name": "",
            "request_models": {},
            "request_parameters": {},
            "request_validator_id": "",
            "resource_id": "9vy98b",
            "rest_api_id": "vspnlhea34"
          },
          "sensitive_attributes": [],
          "identity_schema_version": 0,
          "private": "bnVsbA==",
          "dependencies": [
            "aws_api_gateway_resource.insights",
            "aws_api_gateway_rest_api.pathmentor_api"
          ],
          "create_before_destroy": true
        }
      ]
    },
    {
      "mode": "managed",
      "type": "aws_api_gateway_method",
      "name": "post_experience",
      "provider": "provider[\"registry.terraform.io/hashicorp/aws\"]",
      "instances": [
        {
          "schema_version": 0,
          "attributes": {
            "api_key_required": false,
            "authorization": "NONE",
            "authorization_scopes": [],
            "authorizer_id": "",
            "http_method": "POST",
            "id": "agm-vspnlhea34-noi590-POST",
            "operation_name": "",
            "request_models": {},
            "request_parameters": {},
            "request_validator_id": "",
            "resource_id": "noi590",
            "rest_api_id": "vspnlhea34"
          },
          "sensitive_attributes": [],
          "identity_schema_version": 0,
          "private": "bnVsbA==",
          "dependencies": [
            "aws_api_gateway_resource.experiences",
            "aws_api_gateway_rest_api.pathmentor_api"
          ],
          "create_before_destroy": true
        }
      ]
    },
    {
      "mode": "managed",
      "type": "aws_api_gateway_method",
      "name": "post_generate_plan",
      "provider": "provider[\"registry.terraform.io/hashicorp/aws\"]",
      "instances": [
        {
          "schema_version": 0,
          "attributes": {
            "api_key_required": false,
            "authorization": "NONE",
            "authorization_scopes": [],
            "authorizer_id": "",
            "http_method": "POST",
            "id": "agm-vspnlhea34-2mx8mb-POST",
            "operation_name": "",
            "request_models": {},
            "request_parameters": {},
            "request_validator_id": "",
            "resource_id": "2mx8mb",
            "rest_api_id": "vspnlhea34"
          },
          "sensitive_attributes": [],
          "identity_schema_version": 0,
          "private": "bnVsbA==",
          "dependencies": [
            "aws_api_gateway_resource.generate_plan",
            "aws_api_gateway_rest_api.pathmentor_api"
          ],
          "create_before_destroy": true
        }
      ]
    },
    {
      "mode": "managed",
      "type": "aws_api_gateway_method_response",
      "name": "experiences_options_200",
      "provider": "provider[\"registry.terraform.io/hashicorp/aws\"]",
      "instances": [
        {
          "schema_version": 0,
          "attributes": {
            "http_method": "OPTIONS",
            "id": "agmr-vspnlhea34-noi590-OPTIONS-200",
            "resource_id": "noi590",
            "response_models": {},
            "response_parameters": {
              "method.response.header.Access-Control-Allow-Headers": true,
              "method.response.header.Access-Control-Allow-Methods": true,
              "method.response.header.Access-Control-Allow-Origin": true
            },
            "rest_api_id": "vspnlhea34",
            "status_code": "200"
          },
          "sensitive_attributes": [],
          "identity_schema_version": 0,
          "private": "bnVsbA==",
          "dependencies": [
            "aws_api_gateway_method.experiences_options",
            "aws_api_gateway_resource.experiences",
            "aws_api_gateway_rest_api.pathmentor_api"
          ]
        }
      ]
    },
    {
      "mode": "managed",
      "type": "aws_api_gateway_method_response",
      "name": "generate_plan_options_200",
      "provider": "provider[\"registry.terraform.io/hashicorp/aws\"]",
      "instances": [
        {
          "schema_version": 0,
          "attributes": {
            "http_method": "OPTIONS",
            "id": "agmr-vspnlhea34-2mx8mb-OPTIONS-200",
            "resource_id": "2mx8mb",
            "response_models": {},
            "response_parameters": {
              "method.response.header.Access-Control-Allow-Headers": true,
              "method.response.header.Access-Control-Allow-Methods": true,
              "method.response.header.Access-Control-Allow-Origin": true
            },
            "rest_api_id": "vspnlhea34",
            "status_code": "200"
          },
          "sensitive_attributes": [],
          "identity_schema_version": 0,
          "private": "bnVsbA==",
          "dependencies": [
            "aws_api_gateway_method.generate_plan_options",
            "aws_api_gateway_resource.generate_plan",
            "aws_api_gateway_rest_api.pathmentor_api"
          ]
        }
      ]
    },
    {
      "mode": "managed",
      "type": "aws_api_gateway_method_response",
      "name": "insights_options_200",
      "provider": "provider[\"registry.terraform.io/hashicorp/aws\"]",
      "instances": [
        {
          "schema_version": 0,
          "attributes": {
            "http_method": "OPTIONS",
            "id": "agmr-vspnlhea34-9vy98b-OPTIONS-200",
            "resource_id": "9vy98b",
            "response_models": {},
            "response_parameters": {
              "method.response.header.Access-Control-Allow-Headers": true,
              "method.response.header.Access-Control-Allow-Methods": true,
              "method.response.header.Access-Control-Allow-Origin": true
            },
            "rest_api_id": "vspnlhea34",
            "status_code": "200"
          },
          "sensitive_attributes": [],
          "identity_schema_version": 0,
          "private": "bnVsbA==",
          "dependencies": [
            "aws_api_gateway_method.insights_options",
            "aws_api_gateway_resource.insights",
            "aws_api_gateway_rest_api.pathmentor_api"
          ]
        }
      ]
    },
    {
      "mode": "managed",
      "type": "aws_api_gateway_resource",
      "name": "experiences",
      "provider": "provider[\"registry.terraform.io/hashicorp/aws\"]",
      "instances": [
        {
          "schema_version": 0,
          "attributes": {
            "id": "noi590",
            "parent_id": "twacwv7scf",
            "path": "/experiences",
            "path_part": "experiences",
            "rest_api_id": "vspnlhea34"
          },
          "sensitive_attributes": [],
          "identity_schema_version": 0,
          "private": "bnVsbA==",
          "dependencies": [
            "aws_api_gateway_rest_api.pathmentor_api"
          ],
          "create_before_destroy": true
        }
      ]
    },
    {
      "mode": "managed",
      "type": "aws_api_gateway_resource",
      "name": "generate_plan",
      "provider": "provider[\"registry.terraform.io/hashicorp/aws\"]",
      "instances": [
        {
          "schema_version": 0,
          "attributes": {
            "id": "2mx8mb",
            "parent_id": "twacwv7scf",
            "path": "/generate-plan",
            "path_part": "generate-plan",
            "rest_api_id": "vspnlhea34"
          },
          "sensitive_attributes": [],
          "identity_schema_version": 0,
          "private": "bnVsbA==",
          "dependencies": [
            "aws_api_gateway_rest_api.pathmentor_api"
          ],
          "create_before_destroy": true
        }
      ]
    },
    {
      "mode": "managed",
      "type": "aws_api_gateway_resource",
      "name": "insights",
      "provider": "provider[\"registry.terraform.io/hashicorp/aws\"]",
      "instances": [
        {
          "schema_version": 0,
          "attributes": {
            "id": "9vy98b",
            "parent_id": "twacwv7scf",
            "path": "/insights",
            "path_part": "insights",
            "rest_api_id": "vspnlhea34"
          },
          "sensitive_attributes": [],
          "identity_schema_version": 0,
          "private": "bnVsbA==",
          "dependencies": [
            "aws_api_gateway_rest_api.pathmentor_api"
          ],
          "create_before_destroy": true
        }
      ]
    },
    {
      "mode": "managed",
      "type": "aws_api_gateway_rest_api",
      "name": "pathmentor_api",
      "provider": "provider[\"registry.terraform.io/hashicorp/aws\"]",
      "instances": [
        {
          "schema_version": 0,
          "attributes": {
            "api_key_source": "HEADER",
            "arn": "arn:aws:apigateway:ca-central-1::/restapis/vspnlhea34",
            "binary_media_types": [],
            "body": null,
            "created_date": "2026-03-27T02:26:16Z",
            "description": "PathMentor REST API — experiences, insights, and AI plan generation",
            "disable_execute_api_endpoint": false,
            "endpoint_configuration": [
              {
                "ip_address_type": "ipv4",
                "types": [
                  "REGIONAL"
                ],
                "vpc_endpoint_ids": []
              }
            ],
            "execution_arn": "arn:aws:execute-api:ca-central-1:384601337267:vspnlhea34",
            "fail_on_warnings": null,
            "id": "vspnlhea34",
            "minimum_compression_size": "",
            "name": "pathmentor-api",
            "parameters": null,
            "policy": "",
            "put_rest_api_mode": null,
            "root_resource_id": "twacwv7scf",
            "tags": {
              "ManagedBy": "Terraform",
              "Project": "pathmentor"
            },
            "tags_all": {
              "ManagedBy": "Terraform",
              "Project": "pathmentor"
            }
          },
          "sensitive_attributes": [],
          "identity_schema_version": 0,
          "private": "bnVsbA==",
          "create_before_destroy": true
        }
      ]
    },
    {
      "mode": "managed",
      "type": "aws_api_gateway_stage",
      "name": "prod",
      "provider": "provider[\"registry.terraform.io/hashicorp/aws\"]",
      "instances": [
        {
          "schema_version": 0,
          "attributes": {
            "access_log_settings": [],
            "arn": "arn:aws:apigateway:ca-central-1::/restapis/vspnlhea34/stages/prod",
            "cache_cluster_enabled": false,
            "cache_cluster_size": "",
            "canary_settings": [],
            "client_certificate_id": "",
            "deployment_id": "ssj0p4",
            "description": "",
            "documentation_version": "",
            "execution_arn": "arn:aws:execute-api:ca-central-1:384601337267:vspnlhea34/prod",
            "id": "ags-vspnlhea34-prod",
            "invoke_url": "https://vspnlhea34.execute-api.ca-central-1.amazonaws.com/prod",
            "rest_api_id": "vspnlhea34",
            "stage_name": "prod",
            "tags": {
              "ManagedBy": "Terraform",
              "Project": "pathmentor"
            },
            "tags_all": {
              "ManagedBy": "Terraform",
              "Project": "pathmentor"
            },
            "variables": {},
            "web_acl_arn": "",
            "xray_tracing_enabled": false
          },
          "sensitive_attributes": [],
          "identity_schema_version": 0,
          "private": "bnVsbA==",
          "dependencies": [
            "aws_api_gateway_deployment.pathmentor",
            "aws_api_gateway_integration.experiences_options",
            "aws_api_gateway_integration.generate_plan_options",
            "aws_api_gateway_integration.get_experiences",
            "aws_api_gateway_integration.get_insights",
            "aws_api_gateway_integration.insights_options",
            "aws_api_gateway_integration.post_experience",
            "aws_api_gateway_integration.post_generate_plan",
            "aws_api_gateway_method.experiences_options",
            "aws_api_gateway_method.generate_plan_options",
            "aws_api_gateway_method.get_experiences",
            "aws_api_gateway_method.get_insights",
            "aws_api_gateway_method.insights_options",
            "aws_api_gateway_method.post_experience",
            "aws_api_gateway_method.post_generate_plan",
            "aws_api_gateway_resource.experiences",
            "aws_api_gateway_resource.generate_plan",
            "aws_api_gateway_resource.insights",
            "aws_api_gateway_rest_api.pathmentor_api",
            "aws_cloudwatch_log_group.lambda_generate_plan",
            "aws_cloudwatch_log_group.lambda_get_experiences",
            "aws_cloudwatch_log_group.lambda_get_insights",
            "aws_cloudwatch_log_group.lambda_post_experience",
            "aws_dynamodb_table.experiences",
            "aws_iam_role.lambda_role",
            "aws_iam_role_policy_attachment.lambda_dynamodb",
            "aws_iam_role_policy_attachment.lambda_logs",
            "aws_lambda_function.generate_plan",
            "aws_lambda_function.get_experiences",
            "aws_lambda_function.get_insights",
            "aws_lambda_function.post_experience",
            "data.archive_file.generate_plan",
            "data.archive_file.get_experiences",
            "data.archive_file.get_insights",
            "data.archive_file.post_experience",
            "data.aws_iam_policy_document.lambda_assume_role"
          ]
        }
      ]
    },
    {
      "mode": "managed",
      "type": "aws_autoscaling_group",
      "name": "seed_runner",
      "provider": "provider[\"registry.terraform.io/hashicorp/aws\"]",
      "instances": [
        {
          "schema_version": 1,
          "attributes": {
            "arn": "arn:aws:autoscaling:ca-central-1:384601337267:autoScalingGroup:ea10ba92-2826-499f-8512-271741f88d04:autoScalingGroupName/pathmentor-seed-runner-asg",
            "availability_zone_distribution": [
              {
                "capacity_distribution_strategy": "balanced-best-effort"
              }
            ],
            "availability_zones": [
              "ca-central-1a"
            ],
            "capacity_rebalance": false,
            "capacity_reservation_specification": [
              {
                "capacity_reservation_preference": "default",
                "capacity_reservation_target": []
              }
            ],
            "context": "",
            "default_cooldown": 300,
            "default_instance_warmup": 0,
            "desired_capacity": 0,
            "desired_capacity_type": "",
            "enabled_metrics": [],
            "force_delete": false,
            "force_delete_warm_pool": false,
            "health_check_grace_period": 300,
            "health_check_type": "EC2",
            "id": "pathmentor-seed-runner-asg",
            "ignore_failed_scaling_activities": false,
            "initial_lifecycle_hook": [],
            "instance_maintenance_policy": [],
            "instance_refresh": [],
            "launch_configuration": "",
            "launch_template": [
              {
                "id": "lt-0714f6106600d95ad",
                "name": "pathmentor-seed-runner-20260327195334876300000002",
                "version": "$Latest"
              }
            ],
            "load_balancers": [],
            "max_instance_lifetime": 0,
            "max_size": 1,
            "metrics_granularity": "1Minute",
            "min_elb_capacity": null,
            "min_size": 0,
            "mixed_instances_policy": [],
            "name": "pathmentor-seed-runner-asg",
            "name_prefix": "",
            "placement_group": "",
            "predicted_capacity": 0,
            "protect_from_scale_in": false,
            "service_linked_role_arn": "arn:aws:iam::384601337267:role/aws-service-role/autoscaling.amazonaws.com/AWSServiceRoleForAutoScaling",
            "suspended_processes": [],
            "tag": [
              {
                "key": "ManagedBy",
                "propagate_at_launch": true,
                "value": "Terraform"
              },
              {
                "key": "Project",
                "propagate_at_launch": true,
                "value": "pathmentor"
              }
            ],
            "target_group_arns": [],
            "termination_policies": [],
            "timeouts": null,
            "traffic_source": [],
            "vpc_zone_identifier": [],
            "wait_for_capacity_timeout": "10m",
            "wait_for_elb_capacity": null,
            "warm_pool": [],
            "warm_pool_size": 0
          },
          "sensitive_attributes": [],
          "identity_schema_version": 0,
          "private": "eyJlMmJmYjczMC1lY2FhLTExZTYtOGY4OC0zNDM2M2JjN2M0YzAiOnsiZGVsZXRlIjo2MDAwMDAwMDAwMDAsInVwZGF0ZSI6NjAwMDAwMDAwMDAwfSwic2NoZW1hX3ZlcnNpb24iOiIxIn0=",
          "dependencies": [
            "aws_launch_template.seed_runner",
            "aws_security_group.seed_runner",
            "data.aws_ami.amazon_linux",
            "data.aws_vpc.default",
            "random_id.suffix"
          ]
        }
      ]
    },
    {
      "mode": "managed",
      "type": "aws_cloudfront_distribution",
      "name": "frontend",
      "provider": "provider[\"registry.terraform.io/hashicorp/aws\"]",
      "instances": [
        {
          "schema_version": 1,
          "attributes": {
            "aliases": [],
            "arn": "arn:aws:cloudfront::384601337267:distribution/E14KGRMRBS5S8U",
            "caller_reference": "terraform-20260327022617073600000003",
            "comment": "PathMentor frontend distribution",
            "continuous_deployment_policy_id": "",
            "custom_error_response": [
              {
                "error_caching_min_ttl": 0,
                "error_code": 403,
                "response_code": 200,
                "response_page_path": "/index.html"
              },
              {
                "error_caching_min_ttl": 0,
                "error_code": 404,
                "response_code": 200,
                "response_page_path": "/index.html"
              }
            ],
            "default_cache_behavior": [
              {
                "allowed_methods": [
                  "GET",
                  "HEAD",
                  "OPTIONS"
                ],
                "cache_policy_id": "",
                "cached_methods": [
                  "GET",
                  "HEAD"
                ],
                "compress": false,
                "default_ttl": 3600,
                "field_level_encryption_id": "",
                "forwarded_values": [
                  {
                    "cookies": [
                      {
                        "forward": "none",
                        "whitelisted_names": []
                      }
                    ],
                    "headers": [],
                    "query_string": false,
                    "query_string_cache_keys": []
                  }
                ],
                "function_association": [],
                "grpc_config": [
                  {
                    "enabled": false
                  }
                ],
                "lambda_function_association": [],
                "max_ttl": 86400,
                "min_ttl": 0,
                "origin_request_policy_id": "",
                "realtime_log_config_arn": "",
                "response_headers_policy_id": "",
                "smooth_streaming": false,
                "target_origin_id": "S3-pathmentor-frontend-c3ef6acf",
                "trusted_key_groups": [],
                "trusted_signers": [],
                "viewer_protocol_policy": "redirect-to-https"
              }
            ],
            "default_root_object": "index.html",
            "domain_name": "d3og4dgnavu4bm.cloudfront.net",
            "enabled": true,
            "etag": "E23ZP02F085DFQ",
            "hosted_zone_id": "Z2FDTNDATAQYW2",
            "http_version": "http2",
            "id": "E14KGRMRBS5S8U",
            "in_progress_validation_batches": 0,
            "is_ipv6_enabled": true,
            "last_modified_time": "2026-03-27 02:26:17.692 +0000 UTC",
            "logging_config": [],
            "ordered_cache_behavior": [],
            "origin": [
              {
                "connection_attempts": 3,
                "connection_timeout": 10,
                "custom_header": [],
                "custom_origin_config": [],
                "domain_name": "pathmentor-frontend-c3ef6acf.s3.ca-central-1.amazonaws.com",
                "origin_access_control_id": "EPMBDHOROAB6Y",
                "origin_id": "S3-pathmentor-frontend-c3ef6acf",
                "origin_path": "",
                "origin_shield": [],
                "s3_origin_config": [],
                "vpc_origin_config": []
              }
            ],
            "origin_group": [],
            "price_class": "PriceClass_100",
            "restrictions": [
              {
                "geo_restriction": [
                  {
                    "locations": [],
                    "restriction_type": "none"
                  }
                ]
              }
            ],
            "retain_on_delete": false,
            "staging": false,
            "status": "Deployed",
            "tags": {
              "ManagedBy": "Terraform",
              "Project": "pathmentor"
            },
            "tags_all": {
              "ManagedBy": "Terraform",
              "Project": "pathmentor"
            },
            "trusted_key_groups": [
              {
                "enabled": false,
                "items": []
              }
            ],
            "trusted_signers": [
              {
                "enabled": false,
                "items": []
              }
            ],
            "viewer_certificate": [
              {
                "acm_certificate_arn": "",
                "cloudfront_default_certificate": true,
                "iam_certificate_id": "",
                "minimum_protocol_version": "TLSv1",
                "ssl_support_method": ""
              }
            ],
            "wait_for_deployment": true,
            "web_acl_id": ""
          },
          "sensitive_attributes": [],
          "identity_schema_version": 0,
          "private": "eyJzY2hlbWFfdmVyc2lvbiI6IjEifQ==",
          "dependencies": [
            "aws_cloudfront_origin_access_control.frontend",
            "aws_s3_bucket.frontend",
            "random_id.suffix"
          ]
        }
      ]
    },
    {
      "mode": "managed",
      "type": "aws_cloudfront_origin_access_control",
      "name": "frontend",
      "provider": "provider[\"registry.terraform.io/hashicorp/aws\"]",
      "instances": [
        {
          "schema_version": 0,
          "attributes": {
            "arn": "arn:aws:cloudfront::384601337267:origin-access-control/EPMBDHOROAB6Y",
            "description": "OAC for PathMentor S3 frontend bucket",
            "etag": "ETVPDKIKX0DER",
            "id": "EPMBDHOROAB6Y",
            "name": "pathmentor-oac",
            "origin_access_control_origin_type": "s3",
            "signing_behavior": "always",
            "signing_protocol": "sigv4"
          },
          "sensitive_attributes": [],
          "identity_schema_version": 0,
          "private": "bnVsbA=="
        }
      ]
    },
    {
      "mode": "managed",
      "type": "aws_cloudwatch_log_group",
      "name": "bedrock_invocations",
      "provider": "provider[\"registry.terraform.io/hashicorp/aws\"]",
      "instances": [
        {
          "schema_version": 0,
          "attributes": {
            "arn": "arn:aws:logs:ca-central-1:384601337267:log-group:/pathmentor/bedrock-invocations",
            "id": "/pathmentor/bedrock-invocations",
            "kms_key_id": "",
            "log_group_class": "STANDARD",
            "name": "/pathmentor/bedrock-invocations",
            "name_prefix": "",
            "retention_in_days": 14,
            "skip_destroy": false,
            "tags": {
              "ManagedBy": "Terraform",
              "Project": "pathmentor"
            },
            "tags_all": {
              "ManagedBy": "Terraform",
              "Project": "pathmentor"
            }
          },
          "sensitive_attributes": [],
          "identity_schema_version": 0,
          "private": "bnVsbA=="
        }
      ]
    },
    {
      "mode": "managed",
      "type": "aws_cloudwatch_log_group",
      "name": "lambda_generate_plan",
      "provider": "provider[\"registry.terraform.io/hashicorp/aws\"]",
      "instances": [
        {
          "schema_version": 0,
          "attributes": {
            "arn": "arn:aws:logs:ca-central-1:384601337267:log-group:/aws/lambda/pathmentor-generate-plan",
            "id": "/aws/lambda/pathmentor-generate-plan",
            "kms_key_id": "",
            "log_group_class": "STANDARD",
            "name": "/aws/lambda/pathmentor-generate-plan",
            "name_prefix": "",
            "retention_in_days": 14,
            "skip_destroy": false,
            "tags": {},
            "tags_all": {}
          },
          "sensitive_attributes": [],
          "identity_schema_version": 0,
          "private": "bnVsbA==",
          "create_before_destroy": true
        }
      ]
    },
    {
      "mode": "managed",
      "type": "aws_cloudwatch_log_group",
      "name": "lambda_get_experiences",
      "provider": "provider[\"registry.terraform.io/hashicorp/aws\"]",
      "instances": [
        {
          "schema_version": 0,
          "attributes": {
            "arn": "arn:aws:logs:ca-central-1:384601337267:log-group:/aws/lambda/pathmentor-get-experiences",
            "id": "/aws/lambda/pathmentor-get-experiences",
            "kms_key_id": "",
            "log_group_class": "STANDARD",
            "name": "/aws/lambda/pathmentor-get-experiences",
            "name_prefix": "",
            "retention_in_days": 14,
            "skip_destroy": false,
            "tags": {},
            "tags_all": {}
          },
          "sensitive_attributes": [],
          "identity_schema_version": 0,
          "private": "bnVsbA==",
          "create_before_destroy": true
        }
      ]
    },
    {
      "mode": "managed",
      "type": "aws_cloudwatch_log_group",
      "name": "lambda_get_insights",
      "provider": "provider[\"registry.terraform.io/hashicorp/aws\"]",
      "instances": [
        {
          "schema_version": 0,
          "attributes": {
            "arn": "arn:aws:logs:ca-central-1:384601337267:log-group:/aws/lambda/pathmentor-get-insights",
            "id": "/aws/lambda/pathmentor-get-insights",
            "kms_key_id": "",
            "log_group_class": "STANDARD",
            "name": "/aws/lambda/pathmentor-get-insights",
            "name_prefix": "",
            "retention_in_days": 14,
            "skip_destroy": false,
            "tags": {},
            "tags_all": {}
          },
          "sensitive_attributes": [],
          "identity_schema_version": 0,
          "private": "bnVsbA==",
          "create_before_destroy": true
        }
      ]
    },
    {
      "mode": "managed",
      "type": "aws_cloudwatch_log_group",
      "name": "lambda_post_experience",
      "provider": "provider[\"registry.terraform.io/hashicorp/aws\"]",
      "instances": [
        {
          "schema_version": 0,
          "attributes": {
            "arn": "arn:aws:logs:ca-central-1:384601337267:log-group:/aws/lambda/pathmentor-post-experience",
            "id": "/aws/lambda/pathmentor-post-experience",
            "kms_key_id": "",
            "log_group_class": "STANDARD",
            "name": "/aws/lambda/pathmentor-post-experience",
            "name_prefix": "",
            "retention_in_days": 14,
            "skip_destroy": false,
            "tags": {},
            "tags_all": {}
          },
          "sensitive_attributes": [],
          "identity_schema_version": 0,
          "private": "bnVsbA==",
          "create_before_destroy": true
        }
      ]
    },
    {
      "mode": "managed",
      "type": "aws_cloudwatch_metric_alarm",
      "name": "api_5xx_errors",
      "provider": "provider[\"registry.terraform.io/hashicorp/aws\"]",
      "instances": [
        {
          "schema_version": 1,
          "attributes": {
            "actions_enabled": true,
            "alarm_actions": [],
            "alarm_description": "API Gateway is returning 5XX errors",
            "alarm_name": "pathmentor-api-5xx-errors",
            "arn": "arn:aws:cloudwatch:ca-central-1:384601337267:alarm:pathmentor-api-5xx-errors",
            "comparison_operator": "GreaterThanThreshold",
            "datapoints_to_alarm": 0,
            "dimensions": {
              "ApiName": "pathmentor-api"
            },
            "evaluate_low_sample_count_percentiles": "",
            "evaluation_periods": 1,
            "extended_statistic": "",
            "id": "pathmentor-api-5xx-errors",
            "insufficient_data_actions": [],
            "metric_name": "5XXError",
            "metric_query": [],
            "namespace": "AWS/ApiGateway",
            "ok_actions": [],
            "period": 300,
            "statistic": "Sum",
            "tags": {
              "ManagedBy": "Terraform",
              "Project": "pathmentor"
            },
            "tags_all": {
              "ManagedBy": "Terraform",
              "Project": "pathmentor"
            },
            "threshold": 10,
            "threshold_metric_id": "",
            "treat_missing_data": "notBreaching",
            "unit": ""
          },
          "sensitive_attributes": [],
          "identity_schema_version": 0,
          "private": "eyJzY2hlbWFfdmVyc2lvbiI6IjEifQ==",
          "dependencies": [
            "aws_api_gateway_rest_api.pathmentor_api"
          ]
        }
      ]
    },
    {
      "mode": "managed",
      "type": "aws_cloudwatch_metric_alarm",
      "name": "generate_plan_duration",
      "provider": "provider[\"registry.terraform.io/hashicorp/aws\"]",
      "instances": [
        {
          "schema_version": 1,
          "attributes": {
            "actions_enabled": true,
            "alarm_actions": [],
            "alarm_description": "Plan generation Lambda is taking longer than expected",
            "alarm_name": "pathmentor-generate-plan-high-duration",
            "arn": "arn:aws:cloudwatch:ca-central-1:384601337267:alarm:pathmentor-generate-plan-high-duration",
            "comparison_operator": "GreaterThanThreshold",
            "datapoints_to_alarm": 0,
            "dimensions": {
              "FunctionName": "pathmentor-generate-plan"
            },
            "evaluate_low_sample_count_percentiles": "",
            "evaluation_periods": 2,
            "extended_statistic": "",
            "id": "pathmentor-generate-plan-high-duration",
            "insufficient_data_actions": [],
            "metric_name": "Duration",
            "metric_query": [],
            "namespace": "AWS/Lambda",
            "ok_actions": [],
            "period": 300,
            "statistic": "Average",
            "tags": {
              "ManagedBy": "Terraform",
              "Project": "pathmentor"
            },
            "tags_all": {
              "ManagedBy": "Terraform",
              "Project": "pathmentor"
            },
            "threshold": 45000,
            "threshold_metric_id": "",
            "treat_missing_data": "notBreaching",
            "unit": ""
          },
          "sensitive_attributes": [],
          "identity_schema_version": 0,
          "private": "eyJzY2hlbWFfdmVyc2lvbiI6IjEifQ==",
          "dependencies": [
            "aws_cloudwatch_log_group.lambda_generate_plan",
            "aws_dynamodb_table.experiences",
            "aws_iam_role.lambda_role",
            "aws_iam_role_policy_attachment.lambda_dynamodb",
            "aws_iam_role_policy_attachment.lambda_logs",
            "aws_lambda_function.generate_plan",
            "data.archive_file.generate_plan",
            "data.aws_iam_policy_document.lambda_assume_role"
          ]
        }
      ]
    },
    {
      "mode": "managed",
      "type": "aws_cloudwatch_metric_alarm",
      "name": "generate_plan_errors",
      "provider": "provider[\"registry.terraform.io/hashicorp/aws\"]",
      "instances": [
        {
          "schema_version": 1,
          "attributes": {
            "actions_enabled": true,
            "alarm_actions": [],
            "alarm_description": "Triggered when generate_plan Lambda has errors",
            "alarm_name": "pathmentor-generate-plan-errors",
            "arn": "arn:aws:cloudwatch:ca-central-1:384601337267:alarm:pathmentor-generate-plan-errors",
            "comparison_operator": "GreaterThanThreshold",
            "datapoints_to_alarm": 0,
            "dimensions": {
              "FunctionName": "pathmentor-generate-plan"
            },
            "evaluate_low_sample_count_percentiles": "",
            "evaluation_periods": 1,
            "extended_statistic": "",
            "id": "pathmentor-generate-plan-errors",
            "insufficient_data_actions": [],
            "metric_name": "Errors",
            "metric_query": [],
            "namespace": "AWS/Lambda",
            "ok_actions": [],
            "period": 300,
            "statistic": "Sum",
            "tags": {
              "ManagedBy": "Terraform",
              "Project": "pathmentor"
            },
            "tags_all": {
              "ManagedBy": "Terraform",
              "Project": "pathmentor"
            },
            "threshold": 5,
            "threshold_metric_id": "",
            "treat_missing_data": "notBreaching",
            "unit": ""
          },
          "sensitive_attributes": [],
          "identity_schema_version": 0,
          "private": "eyJzY2hlbWFfdmVyc2lvbiI6IjEifQ==",
          "dependencies": [
            "aws_cloudwatch_log_group.lambda_generate_plan",
            "aws_dynamodb_table.experiences",
            "aws_iam_role.lambda_role",
            "aws_iam_role_policy_attachment.lambda_dynamodb",
            "aws_iam_role_policy_attachment.lambda_logs",
            "aws_lambda_function.generate_plan",
            "data.archive_file.generate_plan",
            "data.aws_iam_policy_document.lambda_assume_role"
          ]
        }
      ]
    },
    {
      "mode": "managed",
      "type": "aws_dynamodb_table",
      "name": "experiences",
      "provider": "provider[\"registry.terraform.io/hashicorp/aws\"]",
      "instances": [
        {
          "schema_version": 1,
          "attributes": {
            "arn": "arn:aws:dynamodb:ca-central-1:384601337267:table/pathmentor-experiences",
            "attribute": [
              {
                "name": "experience_id",
                "type": "S"
              },
              {
                "name": "goal",
                "type": "S"
              },
              {
                "name": "user_type",
                "type": "S"
              }
            ],
            "billing_mode": "PAY_PER_REQUEST",
            "deletion_protection_enabled": false,
            "global_secondary_index": [
              {
                "hash_key": "user_type",
                "name": "user_type-goal-index",
                "non_key_attributes": [],
                "on_demand_throughput": [],
                "projection_type": "ALL",
                "range_key": "goal",
                "read_capacity": 0,
                "write_capacity": 0
              }
            ],
            "hash_key": "experience_id",
            "id": "pathmentor-experiences",
            "import_table": [],
            "local_secondary_index": [],
            "name": "pathmentor-experiences",
            "on_demand_throughput": [],
            "point_in_time_recovery": [
              {
                "enabled": true,
                "recovery_period_in_days": 35
              }
            ],
            "range_key": null,
            "read_capacity": 0,
            "replica": [],
            "restore_date_time": null,
            "restore_source_name": null,
            "restore_source_table_arn": null,
            "restore_to_latest_time": null,
            "server_side_encryption": [
              {
                "enabled": true,
                "kms_key_arn": ""
              }
            ],
            "stream_arn": "",
            "stream_enabled": false,
            "stream_label": "",
            "stream_view_type": "",
            "table_class": "STANDARD",
            "tags": {
              "Environment": "prod",
              "ManagedBy": "Terraform",
              "Project": "pathmentor"
            },
            "tags_all": {
              "Environment": "prod",
              "ManagedBy": "Terraform",
              "Project": "pathmentor"
            },
            "timeouts": null,
            "ttl": [
              {
                "attribute_name": "",
                "enabled": false
              }
            ],
            "write_capacity": 0
          },
          "sensitive_attributes": [],
          "identity_schema_version": 0,
          "private": "eyJlMmJmYjczMC1lY2FhLTExZTYtOGY4OC0zNDM2M2JjN2M0YzAiOnsiY3JlYXRlIjoxODAwMDAwMDAwMDAwLCJkZWxldGUiOjYwMDAwMDAwMDAwMCwidXBkYXRlIjozNjAwMDAwMDAwMDAwfSwic2NoZW1hX3ZlcnNpb24iOiIxIn0=",
          "create_before_destroy": true
        }
      ]
    },
    {
      "mode": "managed",
      "type": "aws_iam_role",
      "name": "lambda_role",
      "provider": "provider[\"registry.terraform.io/hashicorp/aws\"]",
      "instances": [
        {
          "schema_version": 0,
          "attributes": {
            "arn": "arn:aws:iam::384601337267:role/pathmentor-lambda-role",
            "assume_role_policy": "{\"Statement\":[{\"Action\":\"sts:AssumeRole\",\"Effect\":\"Allow\",\"Principal\":{\"Service\":\"lambda.amazonaws.com\"}}],\"Version\":\"2012-10-17\"}",
            "create_date": "2026-03-27T02:26:16Z",
            "description": "",
            "force_detach_policies": false,
            "id": "pathmentor-lambda-role",
            "inline_policy": [],
            "managed_policy_arns": [
              "arn:aws:iam::aws:policy/AmazonDynamoDBFullAccess",
              "arn:aws:iam::aws:policy/service-role/AWSLambdaBasicExecutionRole"
            ],
            "max_session_duration": 3600,
            "name": "pathmentor-lambda-role",
            "name_prefix": "",
            "path": "/",
            "permissions_boundary": "",
            "tags": {},
            "tags_all": {},
            "unique_id": "AROAVTDAGVWZRUYBAOBUW"
          },
          "sensitive_attributes": [],
          "identity_schema_version": 0,
          "private": "bnVsbA==",
          "dependencies": [
            "data.aws_iam_policy_document.lambda_assume_role"
          ],
          "create_before_destroy": true
        }
      ]
    },
    {
      "mode": "managed",
      "type": "aws_iam_role_policy",
      "name": "lambda_bedrock",
      "provider": "provider[\"registry.terraform.io/hashicorp/aws\"]",
      "instances": [
        {
          "schema_version": 0,
          "attributes": {
            "id": "pathmentor-lambda-role:pathmentor-lambda-bedrock-policy",
            "name": "pathmentor-lambda-bedrock-policy",
            "name_prefix": "",
            "policy": "{\"Version\":\"2012-10-17\",\"Statement\":[{\"Action\":[\"bedrock:InvokeModel\"],\"Effect\":\"Allow\",\"Resource\":\"*\"}]}",
            "role": "pathmentor-lambda-role"
          },
          "sensitive_attributes": [],
          "identity_schema_version": 0,
          "private": "bnVsbA==",
          "dependencies": [
            "aws_iam_role.lambda_role",
            "data.aws_iam_policy_document.lambda_assume_role"
          ]
        }
      ]
    },
    {
      "mode": "managed",
      "type": "aws_iam_role_policy_attachment",
      "name": "lambda_dynamodb",
      "provider": "provider[\"registry.terraform.io/hashicorp/aws\"]",
      "instances": [
        {
          "schema_version": 0,
          "attributes": {
            "id": "pathmentor-lambda-role-20260327022616283200000001",
            "policy_arn": "arn:aws:iam::aws:policy/AmazonDynamoDBFullAccess",
            "role": "pathmentor-lambda-role"
          },
          "sensitive_attributes": [],
          "identity_schema_version": 0,
          "private": "bnVsbA==",
          "dependencies": [
            "aws_iam_role.lambda_role",
            "data.aws_iam_policy_document.lambda_assume_role"
          ],
          "create_before_destroy": true
        }
      ]
    },
    {
      "mode": "managed",
      "type": "aws_iam_role_policy_attachment",
      "name": "lambda_logs",
      "provider": "provider[\"registry.terraform.io/hashicorp/aws\"]",
      "instances": [
        {
          "schema_version": 0,
          "attributes": {
            "id": "pathmentor-lambda-role-20260327022616318400000002",
            "policy_arn": "arn:aws:iam::aws:policy/service-role/AWSLambdaBasicExecutionRole",
            "role": "pathmentor-lambda-role"
          },
          "sensitive_attributes": [],
          "identity_schema_version": 0,
          "private": "bnVsbA==",
          "dependencies": [
            "aws_iam_role.lambda_role",
            "data.aws_iam_policy_document.lambda_assume_role"
          ],
          "create_before_destroy": true
        }
      ]
    },
    {
      "mode": "managed",
      "type": "aws_instance",
      "name": "seed_runner",
      "provider": "provider[\"registry.terraform.io/hashicorp/aws\"]",
      "instances": [
        {
          "schema_version": 1,
          "attributes": {
            "ami": "ami-09155def8f3f1a9ef",
            "arn": "arn:aws:ec2:ca-central-1:384601337267:instance/i-0b76a4fe7ad50c2a0",
            "associate_public_ip_address": true,
            "availability_zone": "ca-central-1b",
            "capacity_reservation_specification": [
              {
                "capacity_reservation_preference": "open",
                "capacity_reservation_target": []
              }
            ],
            "cpu_core_count": 1,
            "cpu_options": [
              {
                "amd_sev_snp": "",
                "core_count": 1,
                "threads_per_core": 2
              }
            ],
            "cpu_threads_per_core": 2,
            "credit_specification": [
              {
                "cpu_credits": "unlimited"
              }
            ],
            "disable_api_stop": false,
            "disable_api_termination": false,
            "ebs_block_device": [],
            "ebs_optimized": false,
            "enable_primary_ipv6": null,
            "enclave_options": [
              {
                "enabled": false
              }
            ],
            "ephemeral_block_device": [],
            "get_password_data": false,
            "hibernation": false,
            "host_id": "",
            "host_resource_group_arn": null,
            "iam_instance_profile": "",
            "id": "i-0b76a4fe7ad50c2a0",
            "instance_initiated_shutdown_behavior": "stop",
            "instance_lifecycle": "",
            "instance_market_options": [],
            "instance_state": "running",
            "instance_type": "t3.micro",
            "ipv6_address_count": 0,
            "ipv6_addresses": [],
            "key_name": "",
            "launch_template": [],
            "maintenance_options": [
              {
                "auto_recovery": "default"
              }
            ],
            "metadata_options": [
              {
                "http_endpoint": "enabled",
                "http_protocol_ipv6": "disabled",
                "http_put_response_hop_limit": 1,
                "http_tokens": "optional",
                "instance_metadata_tags": "disabled"
              }
            ],
            "monitoring": false,
            "network_interface": [],
            "outpost_arn": "",
            "password_data": "",
            "placement_group": "",
            "placement_partition_number": 0,
            "primary_network_interface_id": "eni-089907f74747aa109",
            "private_dns": "ip-172-31-3-246.ca-central-1.compute.internal",
            "private_dns_name_options": [
              {
                "enable_resource_name_dns_a_record": false,
                "enable_resource_name_dns_aaaa_record": false,
                "hostname_type": "ip-name"
              }
            ],
            "private_ip": "172.31.3.246",
            "public_dns": "ec2-15-223-222-78.ca-central-1.compute.amazonaws.com",
            "public_ip": "15.223.222.78",
            "root_block_device": [
              {
                "delete_on_termination": true,
                "device_name": "/dev/xvda",
                "encrypted": false,
                "iops": 100,
                "kms_key_id": "",
                "tags": {},
                "tags_all": {},
                "throughput": 0,
                "volume_id": "vol-09bef6a17f1ae3168",
                "volume_size": 8,
                "volume_type": "gp2"
              }
            ],
            "secondary_private_ips": [],
            "security_groups": [
              "pathmentor-seed-runner-c3ef6acf-sg"
            ],
            "source_dest_check": true,
            "spot_instance_request_id": "",
            "subnet_id": "subnet-0671029aa569a444a",
            "tags": {
              "ManagedBy": "Terraform",
              "Name": "pathmentor-seed-runner",
              "Project": "pathmentor"
            },
            "tags_all": {
              "ManagedBy": "Terraform",
              "Name": "pathmentor-seed-runner",
              "Project": "pathmentor"
            },
            "tenancy": "default",
            "timeouts": null,
            "user_data": null,
            "user_data_base64": null,
            "user_data_replace_on_change": false,
            "volume_tags": null,
            "vpc_security_group_ids": [
              "sg-0b5cdb085e3700b16"
            ]
          },
          "sensitive_attributes": [],
          "identity_schema_version": 0,
          "private": "eyJlMmJmYjczMC1lY2FhLTExZTYtOGY4OC0zNDM2M2JjN2M0YzAiOnsiY3JlYXRlIjo2MDAwMDAwMDAwMDAsImRlbGV0ZSI6MTIwMDAwMDAwMDAwMCwicmVhZCI6OTAwMDAwMDAwMDAwLCJ1cGRhdGUiOjYwMDAwMDAwMDAwMH0sInNjaGVtYV92ZXJzaW9uIjoiMSJ9",
          "dependencies": [
            "aws_security_group.seed_runner",
            "data.aws_ami.amazon_linux",
            "data.aws_vpc.default",
            "random_id.suffix"
          ]
        }
      ]
    },
    {
      "mode": "managed",
      "type": "aws_lambda_function",
      "name": "generate_plan",
      "provider": "provider[\"registry.terraform.io/hashicorp/aws\"]",
      "instances": [
        {
          "schema_version": 0,
          "attributes": {
            "architectures": [
              "x86_64"
            ],
            "arn": "arn:aws:lambda:ca-central-1:384601337267:function:pathmentor-generate-plan",
            "code_sha256": "Irf+u0yfipZ42YGQSV8mcCWPU6IMU+EbFeIEQbxsvx8=",
            "code_signing_config_arn": "",
            "dead_letter_config": [],
            "description": "",
            "environment": [
              {
                "variables": {
                  "AWS_REGION_NAME": "ca-central-1",
                  "BEDROCK_MODEL_ID": "anthropic.claude-3-sonnet-20240229-v1:0",
                  "BEDROCK_REGION": "us-east-1",
                  "EXPERIENCES_TABLE": "pathmentor-experiences"
                }
              }
            ],
            "ephemeral_storage": [
              {
                "size": 512
              }
            ],
            "file_system_config": [],
            "filename": "./.lambda_zips/generate_plan.zip",
            "function_name": "pathmentor-generate-plan",
            "handler": "generate_plan.handler",
            "id": "pathmentor-generate-plan",
            "image_config": [],
            "image_uri": "",
            "invoke_arn": "arn:aws:apigateway:ca-central-1:lambda:path/2015-03-31/functions/arn:aws:lambda:ca-central-1:384601337267:function:pathmentor-generate-plan/invocations",
            "kms_key_arn": "",
            "last_modified": "2026-03-27T19:53:53.960+0000",
            "layers": [],
            "logging_config": [
              {
                "application_log_level": "",
                "log_format": "Text",
                "log_group": "/aws/lambda/pathmentor-generate-plan",
                "system_log_level": ""
              }
            ],
            "memory_size": 512,
            "package_type": "Zip",
            "publish": false,
            "qualified_arn": "arn:aws:lambda:ca-central-1:384601337267:function:pathmentor-generate-plan:$LATEST",
            "qualified_invoke_arn": "arn:aws:apigateway:ca-central-1:lambda:path/2015-03-31/functions/arn:aws:lambda:ca-central-1:384601337267:function:pathmentor-generate-plan:$LATEST/invocations",
            "replace_security_groups_on_destroy": null,
            "replacement_security_group_ids": null,
            "reserved_concurrent_executions": -1,
            "role": "arn:aws:iam::384601337267:role/pathmentor-lambda-role",
            "runtime": "python3.11",
            "s3_bucket": null,
            "s3_key": null,
            "s3_object_version": null,
            "signing_job_arn": "",
            "signing_profile_version_arn": "",
            "skip_destroy": false,
            "snap_start": [],
            "source_code_hash": "Irf+u0yfipZ42YGQSV8mcCWPU6IMU+EbFeIEQbxsvx8=",
            "source_code_size": 3457,
            "tags": {
              "ManagedBy": "Terraform",
              "Project": "pathmentor"
            },
            "tags_all": {
              "ManagedBy": "Terraform",
              "Project": "pathmentor"
            },
            "timeout": 60,
            "timeouts": null,
            "tracing_config": [
              {
                "mode": "PassThrough"
              }
            ],
            "version": "$LATEST",
            "vpc_config": []
          },
          "sensitive_attributes": [],
          "identity_schema_version": 0,
          "private": "eyJlMmJmYjczMC1lY2FhLTExZTYtOGY4OC0zNDM2M2JjN2M0YzAiOnsiY3JlYXRlIjo2MDAwMDAwMDAwMDAsImRlbGV0ZSI6NjAwMDAwMDAwMDAwLCJ1cGRhdGUiOjYwMDAwMDAwMDAwMH19",
          "dependencies": [
            "aws_cloudwatch_log_group.lambda_generate_plan",
            "aws_dynamodb_table.experiences",
            "aws_iam_role.lambda_role",
            "aws_iam_role_policy_attachment.lambda_dynamodb",
            "aws_iam_role_policy_attachment.lambda_logs",
            "data.archive_file.generate_plan",
            "data.aws_iam_policy_document.lambda_assume_role"
          ],
          "create_before_destroy": true
        }
      ]
    },
    {
      "mode": "managed",
      "type": "aws_lambda_function",
      "name": "get_experiences",
      "provider": "provider[\"registry.terraform.io/hashicorp/aws\"]",
      "instances": [
        {
          "schema_version": 0,
          "attributes": {
            "architectures": [
              "x86_64"
            ],
            "arn": "arn:aws:lambda:ca-central-1:384601337267:function:pathmentor-get-experiences",
            "code_sha256": "SvwM0rTT8nnDsO5yTAv0QveVaDd4dBytr68tJvDjdT8=",
            "code_signing_config_arn": "",
            "dead_letter_config": [],
            "description": "",
            "environment": [
              {
                "variables": {
                  "AWS_REGION_NAME": "ca-central-1",
                  "EXPERIENCES_TABLE": "pathmentor-experiences"
                }
              }
            ],
            "ephemeral_storage": [
              {
                "size": 512
              }
            ],
            "file_system_config": [],
            "filename": "./.lambda_zips/get_experiences.zip",
            "function_name": "pathmentor-get-experiences",
            "handler": "get_experiences.handler",
            "id": "pathmentor-get-experiences",
            "image_config": [],
            "image_uri": "",
            "invoke_arn": "arn:aws:apigateway:ca-central-1:lambda:path/2015-03-31/functions/arn:aws:lambda:ca-central-1:384601337267:function:pathmentor-get-experiences/invocations",
            "kms_key_arn": "",
            "last_modified": "2026-03-27T19:53:36.092+0000",
            "layers": [],
            "logging_config": [
              {
                "application_log_level": "",
                "log_format": "Text",
                "log_group": "/aws/lambda/pathmentor-get-experiences",
                "system_log_level": ""
              }
            ],
            "memory_size": 256,
            "package_type": "Zip",
            "publish": false,
            "qualified_arn": "arn:aws:lambda:ca-central-1:384601337267:function:pathmentor-get-experiences:$LATEST",
            "qualified_invoke_arn": "arn:aws:apigateway:ca-central-1:lambda:path/2015-03-31/functions/arn:aws:lambda:ca-central-1:384601337267:function:pathmentor-get-experiences:$LATEST/invocations",
            "replace_security_groups_on_destroy": null,
            "replacement_security_group_ids": null,
            "reserved_concurrent_executions": -1,
            "role": "arn:aws:iam::384601337267:role/pathmentor-lambda-role",
            "runtime": "python3.11",
            "s3_bucket": null,
            "s3_key": null,
            "s3_object_version": null,
            "signing_job_arn": "",
            "signing_profile_version_arn": "",
            "skip_destroy": false,
            "snap_start": [],
            "source_code_hash": "SvwM0rTT8nnDsO5yTAv0QveVaDd4dBytr68tJvDjdT8=",
            "source_code_size": 1761,
            "tags": {
              "ManagedBy": "Terraform",
              "Project": "pathmentor"
            },
            "tags_all": {
              "ManagedBy": "Terraform",
              "Project": "pathmentor"
            },
            "timeout": 30,
            "timeouts": null,
            "tracing_config": [
              {
                "mode": "PassThrough"
              }
            ],
            "version": "$LATEST",
            "vpc_config": []
          },
          "sensitive_attributes": [],
          "identity_schema_version": 0,
          "private": "eyJlMmJmYjczMC1lY2FhLTExZTYtOGY4OC0zNDM2M2JjN2M0YzAiOnsiY3JlYXRlIjo2MDAwMDAwMDAwMDAsImRlbGV0ZSI6NjAwMDAwMDAwMDAwLCJ1cGRhdGUiOjYwMDAwMDAwMDAwMH19",
          "dependencies": [
            "aws_cloudwatch_log_group.lambda_get_experiences",
            "aws_dynamodb_table.experiences",
            "aws_iam_role.lambda_role",
            "aws_iam_role_policy_attachment.lambda_dynamodb",
            "aws_iam_role_policy_attachment.lambda_logs",
            "data.archive_file.get_experiences",
            "data.aws_iam_policy_document.lambda_assume_role"
          ],
          "create_before_destroy": true
        }
      ]
    },
    {
      "mode": "managed",
      "type": "aws_lambda_function",
      "name": "get_insights",
      "provider": "provider[\"registry.terraform.io/hashicorp/aws\"]",
      "instances": [
        {
          "schema_version": 0,
          "attributes": {
            "architectures": [
              "x86_64"
            ],
            "arn": "arn:aws:lambda:ca-central-1:384601337267:function:pathmentor-get-insights",
            "code_sha256": "h9vnqi878nyw9QArwWzo+pR4tBolR26BVzVye0mhGcY=",
            "code_signing_config_arn": "",
            "dead_letter_config": [],
            "description": "",
            "environment": [
              {
                "variables": {
                  "AWS_REGION_NAME": "ca-central-1",
                  "EXPERIENCES_TABLE": "pathmentor-experiences"
                }
              }
            ],
            "ephemeral_storage": [
              {
                "size": 512
              }
            ],
            "file_system_config": [],
            "filename": "./.lambda_zips/get_insights.zip",
            "function_name": "pathmentor-get-insights",
            "handler": "get_insights.handler",
            "id": "pathmentor-get-insights",
            "image_config": [],
            "image_uri": "",
            "invoke_arn": "arn:aws:apigateway:ca-central-1:lambda:path/2015-03-31/functions/arn:aws:lambda:ca-central-1:384601337267:function:pathmentor-get-insights/invocations",
            "kms_key_arn": "",
            "last_modified": "2026-03-27T19:53:48.077+0000",
            "layers": [],
            "logging_config": [
              {
                "application_log_level": "",
                "log_format": "Text",
                "log_group": "/aws/lambda/pathmentor-get-insights",
                "system_log_level": ""
              }
            ],
            "memory_size": 256,
            "package_type": "Zip",
            "publish": false,
            "qualified_arn": "arn:aws:lambda:ca-central-1:384601337267:function:pathmentor-get-insights:$LATEST",
            "qualified_invoke_arn": "arn:aws:apigateway:ca-central-1:lambda:path/2015-03-31/functions/arn:aws:lambda:ca-central-1:384601337267:function:pathmentor-get-insights:$LATEST/invocations",
            "replace_security_groups_on_destroy": null,
            "replacement_security_group_ids": null,
            "reserved_concurrent_executions": -1,
            "role": "arn:aws:iam::384601337267:role/pathmentor-lambda-role",
            "runtime": "python3.11",
            "s3_bucket": null,
            "s3_key": null,
            "s3_object_version": null,
            "signing_job_arn": "",
            "signing_profile_version_arn": "",
            "skip_destroy": false,
            "snap_start": [],
            "source_code_hash": "h9vnqi878nyw9QArwWzo+pR4tBolR26BVzVye0mhGcY=",
            "source_code_size": 2327,
            "tags": {
              "ManagedBy": "Terraform",
              "Project": "pathmentor"
            },
            "tags_all": {
              "ManagedBy": "Terraform",
              "Project": "pathmentor"
            },
            "timeout": 30,
            "timeouts": null,
            "tracing_config": [
              {
                "mode": "PassThrough"
              }
            ],
            "version": "$LATEST",
            "vpc_config": []
          },
          "sensitive_attributes": [],
          "identity_schema_version": 0,
          "private": "eyJlMmJmYjczMC1lY2FhLTExZTYtOGY4OC0zNDM2M2JjN2M0YzAiOnsiY3JlYXRlIjo2MDAwMDAwMDAwMDAsImRlbGV0ZSI6NjAwMDAwMDAwMDAwLCJ1cGRhdGUiOjYwMDAwMDAwMDAwMH19",
          "dependencies": [
            "aws_cloudwatch_log_group.lambda_get_insights",
            "aws_dynamodb_table.experiences",
            "aws_iam_role.lambda_role",
            "aws_iam_role_policy_attachment.lambda_dynamodb",
            "aws_iam_role_policy_attachment.lambda_logs",
            "data.archive_file.get_insights",
            "data.aws_iam_policy_document.lambda_assume_role"
          ],
          "create_before_destroy": true
        }
      ]
    },
    {
      "mode": "managed",
      "type": "aws_lambda_function",
      "name": "post_experience",
      "provider": "provider[\"registry.terraform.io/hashicorp/aws\"]",
      "instances": [
        {
          "schema_version": 0,
          "attributes": {
            "architectures": [
              "x86_64"
            ],
            "arn": "arn:aws:lambda:ca-central-1:384601337267:function:pathmentor-post-experience",
            "code_sha256": "cXhRB0MHghR9Yn48K6sUIlsyZoFrX4ohNrtD6cwH91I=",
            "code_signing_config_arn": "",
            "dead_letter_config": [],
            "description": "",
            "environment": [
              {
                "variables": {
                  "AWS_REGION_NAME": "ca-central-1",
                  "EXPERIENCES_TABLE": "pathmentor-experiences"
                }
              }
            ],
            "ephemeral_storage": [
              {
                "size": 512
              }
            ],
            "file_system_config": [],
            "filename": "./.lambda_zips/post_experience.zip",
            "function_name": "pathmentor-post-experience",
            "handler": "post_experience.handler",
            "id": "pathmentor-post-experience",
            "image_config": [],
            "image_uri": "",
            "invoke_arn": "arn:aws:apigateway:ca-central-1:lambda:path/2015-03-31/functions/arn:aws:lambda:ca-central-1:384601337267:function:pathmentor-post-experience/invocations",
            "kms_key_arn": "",
            "last_modified": "2026-03-27T19:53:42.042+0000",
            "layers": [],
            "logging_config": [
              {
                "application_log_level": "",
                "log_format": "Text",
                "log_group": "/aws/lambda/pathmentor-post-experience",
                "system_log_level": ""
              }
            ],
            "memory_size": 256,
            "package_type": "Zip",
            "publish": false,
            "qualified_arn": "arn:aws:lambda:ca-central-1:384601337267:function:pathmentor-post-experience:$LATEST",
            "qualified_invoke_arn": "arn:aws:apigateway:ca-central-1:lambda:path/2015-03-31/functions/arn:aws:lambda:ca-central-1:384601337267:function:pathmentor-post-experience:$LATEST/invocations",
            "replace_security_groups_on_destroy": null,
            "replacement_security_group_ids": null,
            "reserved_concurrent_executions": -1,
            "role": "arn:aws:iam::384601337267:role/pathmentor-lambda-role",
            "runtime": "python3.11",
            "s3_bucket": null,
            "s3_key": null,
            "s3_object_version": null,
            "signing_job_arn": "",
            "signing_profile_version_arn": "",
            "skip_destroy": false,
            "snap_start": [],
            "source_code_hash": "cXhRB0MHghR9Yn48K6sUIlsyZoFrX4ohNrtD6cwH91I=",
            "source_code_size": 1907,
            "tags": {
              "ManagedBy": "Terraform",
              "Project": "pathmentor"
            },
            "tags_all": {
              "ManagedBy": "Terraform",
              "Project": "pathmentor"
            },
            "timeout": 30,
            "timeouts": null,
            "tracing_config": [
              {
                "mode": "PassThrough"
              }
            ],
            "version": "$LATEST",
            "vpc_config": []
          },
          "sensitive_attributes": [],
          "identity_schema_version": 0,
          "private": "eyJlMmJmYjczMC1lY2FhLTExZTYtOGY4OC0zNDM2M2JjN2M0YzAiOnsiY3JlYXRlIjo2MDAwMDAwMDAwMDAsImRlbGV0ZSI6NjAwMDAwMDAwMDAwLCJ1cGRhdGUiOjYwMDAwMDAwMDAwMH19",
          "dependencies": [
            "aws_cloudwatch_log_group.lambda_post_experience",
            "aws_dynamodb_table.experiences",
            "aws_iam_role.lambda_role",
            "aws_iam_role_policy_attachment.lambda_dynamodb",
            "aws_iam_role_policy_attachment.lambda_logs",
            "data.archive_file.post_experience",
            "data.aws_iam_policy_document.lambda_assume_role"
          ],
          "create_before_destroy": true
        }
      ]
    },
    {
      "mode": "managed",
      "type": "aws_lambda_permission",
      "name": "apigw_generate_plan",
      "provider": "provider[\"registry.terraform.io/hashicorp/aws\"]",
      "instances": [
        {
          "schema_version": 0,
          "attributes": {
            "action": "lambda:InvokeFunction",
            "event_source_token": null,
            "function_name": "pathmentor-generate-plan",
            "function_url_auth_type": null,
            "id": "AllowAPIGatewayInvoke",
            "principal": "apigateway.amazonaws.com",
            "principal_org_id": null,
            "qualifier": "",
            "source_account": null,
            "source_arn": "arn:aws:execute-api:ca-central-1:384601337267:vspnlhea34/*/*",
            "statement_id": "AllowAPIGatewayInvoke",
            "statement_id_prefix": ""
          },
          "sensitive_attributes": [],
          "identity_schema_version": 0,
          "private": "bnVsbA==",
          "dependencies": [
            "aws_api_gateway_rest_api.pathmentor_api",
            "aws_cloudwatch_log_group.lambda_generate_plan",
            "aws_dynamodb_table.experiences",
            "aws_iam_role.lambda_role",
            "aws_iam_role_policy_attachment.lambda_dynamodb",
            "aws_iam_role_policy_attachment.lambda_logs",
            "aws_lambda_function.generate_plan",
            "data.archive_file.generate_plan",
            "data.aws_iam_policy_document.lambda_assume_role"
          ]
        }
      ]
    },
    {
      "mode": "managed",
      "type": "aws_lambda_permission",
      "name": "apigw_get_experiences",
      "provider": "provider[\"registry.terraform.io/hashicorp/aws\"]",
      "instances": [
        {
          "schema_version": 0,
          "attributes": {
            "action": "lambda:InvokeFunction",
            "event_source_token": null,
            "function_name": "pathmentor-get-experiences",
            "function_url_auth_type": null,
            "id": "AllowAPIGatewayInvoke",
            "principal": "apigateway.amazonaws.com",
            "principal_org_id": null,
            "qualifier": "",
            "source_account": null,
            "source_arn": "arn:aws:execute-api:ca-central-1:384601337267:vspnlhea34/*/*",
            "statement_id": "AllowAPIGatewayInvoke",
            "statement_id_prefix": ""
          },
          "sensitive_attributes": [],
          "identity_schema_version": 0,
          "private": "bnVsbA==",
          "dependencies": [
            "aws_api_gateway_rest_api.pathmentor_api",
            "aws_cloudwatch_log_group.lambda_get_experiences",
            "aws_dynamodb_table.experiences",
            "aws_iam_role.lambda_role",
            "aws_iam_role_policy_attachment.lambda_dynamodb",
            "aws_iam_role_policy_attachment.lambda_logs",
            "aws_lambda_function.get_experiences",
            "data.archive_file.get_experiences",
            "data.aws_iam_policy_document.lambda_assume_role"
          ]
        }
      ]
    },
    {
      "mode": "managed",
      "type": "aws_lambda_permission",
      "name": "apigw_get_insights",
      "provider": "provider[\"registry.terraform.io/hashicorp/aws\"]",
      "instances": [
        {
          "schema_version": 0,
          "attributes": {
            "action": "lambda:InvokeFunction",
            "event_source_token": null,
            "function_name": "pathmentor-get-insights",
            "function_url_auth_type": null,
            "id": "AllowAPIGatewayInvoke",
            "principal": "apigateway.amazonaws.com",
            "principal_org_id": null,
            "qualifier": "",
            "source_account": null,
            "source_arn": "arn:aws:execute-api:ca-central-1:384601337267:vspnlhea34/*/*",
            "statement_id": "AllowAPIGatewayInvoke",
            "statement_id_prefix": ""
          },
          "sensitive_attributes": [],
          "identity_schema_version": 0,
          "private": "bnVsbA==",
          "dependencies": [
            "aws_api_gateway_rest_api.pathmentor_api",
            "aws_cloudwatch_log_group.lambda_get_insights",
            "aws_dynamodb_table.experiences",
            "aws_iam_role.lambda_role",
            "aws_iam_role_policy_attachment.lambda_dynamodb",
            "aws_iam_role_policy_attachment.lambda_logs",
            "aws_lambda_function.get_insights",
            "data.archive_file.get_insights",
            "data.aws_iam_policy_document.lambda_assume_role"
          ]
        }
      ]
    },
    {
      "mode": "managed",
      "type": "aws_lambda_permission",
      "name": "apigw_post_experience",
      "provider": "provider[\"registry.terraform.io/hashicorp/aws\"]",
      "instances": [
        {
          "schema_version": 0,
          "attributes": {
            "action": "lambda:InvokeFunction",
            "event_source_token": null,
            "function_name": "pathmentor-post-experience",
            "function_url_auth_type": null,
            "id": "AllowAPIGatewayInvoke",
            "principal": "apigateway.amazonaws.com",
            "principal_org_id": null,
            "qualifier": "",
            "source_account": null,
            "source_arn": "arn:aws:execute-api:ca-central-1:384601337267:vspnlhea34/*/*",
            "statement_id": "AllowAPIGatewayInvoke",
            "statement_id_prefix": ""
          },
          "sensitive_attributes": [],
          "identity_schema_version": 0,
          "private": "bnVsbA==",
          "dependencies": [
            "aws_api_gateway_rest_api.pathmentor_api",
            "aws_cloudwatch_log_group.lambda_post_experience",
            "aws_dynamodb_table.experiences",
            "aws_iam_role.lambda_role",
            "aws_iam_role_policy_attachment.lambda_dynamodb",
            "aws_iam_role_policy_attachment.lambda_logs",
            "aws_lambda_function.post_experience",
            "data.archive_file.post_experience",
            "data.aws_iam_policy_document.lambda_assume_role"
          ]
        }
      ]
    },
    {
      "mode": "managed",
      "type": "aws_launch_template",
      "name": "seed_runner",
      "provider": "provider[\"registry.terraform.io/hashicorp/aws\"]",
      "instances": [
        {
          "schema_version": 0,
          "attributes": {
            "arn": "arn:aws:ec2:ca-central-1:384601337267:launch-template/lt-0714f6106600d95ad",
            "block_device_mappings": [],
            "capacity_reservation_specification": [],
            "cpu_options": [],
            "credit_specification": [],
            "default_version": 1,
            "description": "",
            "disable_api_stop": false,
            "disable_api_termination": false,
            "ebs_optimized": "",
            "elastic_gpu_specifications": [],
            "elastic_inference_accelerator": [],
            "enclave_options": [],
            "hibernation_options": [],
            "iam_instance_profile": [],
            "id": "lt-0714f6106600d95ad",
            "image_id": "ami-09155def8f3f1a9ef",
            "instance_initiated_shutdown_behavior": "",
            "instance_market_options": [],
            "instance_requirements": [],
            "instance_type": "t3.micro",
            "kernel_id": "",
            "key_name": "",
            "latest_version": 1,
            "license_specification": [],
            "maintenance_options": [],
            "metadata_options": [],
            "monitoring": [],
            "name": "pathmentor-seed-runner-20260327195334876300000002",
            "name_prefix": "pathmentor-seed-runner-",
            "network_interfaces": [
              {
                "associate_carrier_ip_address": "",
                "associate_public_ip_address": "true",
                "connection_tracking_specification": [],
                "delete_on_termination": "",
                "description": "",
                "device_index": 0,
                "ena_srd_specification": [],
                "interface_type": "",
                "ipv4_address_count": 0,
                "ipv4_addresses": [],
                "ipv4_prefix_count": 0,
                "ipv4_prefixes": [],
                "ipv6_address_count": 0,
                "ipv6_addresses": [],
                "ipv6_prefix_count": 0,
                "ipv6_prefixes": [],
                "network_card_index": 0,
                "network_interface_id": "",
                "primary_ipv6": "",
                "private_ip_address": "",
                "security_groups": [
                  "sg-0b5cdb085e3700b16"
                ],
                "subnet_id": ""
              }
            ],
            "placement": [],
            "private_dns_name_options": [],
            "ram_disk_id": "",
            "security_group_names": [],
            "tag_specifications": [
              {
                "resource_type": "instance",
                "tags": {
                  "ManagedBy": "Terraform",
                  "Name": "pathmentor-seed-runner",
                  "Project": "pathmentor"
                }
              }
            ],
            "tags": {
              "ManagedBy": "Terraform",
              "Project": "pathmentor"
            },
            "tags_all": {
              "ManagedBy": "Terraform",
              "Project": "pathmentor"
            },
            "update_default_version": null,
            "user_data": "",
            "vpc_security_group_ids": []
          },
          "sensitive_attributes": [],
          "identity_schema_version": 0,
          "private": "bnVsbA==",
          "dependencies": [
            "aws_security_group.seed_runner",
            "data.aws_ami.amazon_linux",
            "data.aws_vpc.default",
            "random_id.suffix"
          ]
        }
      ]
    },
    {
      "mode": "managed",
      "type": "aws_s3_bucket",
      "name": "frontend",
      "provider": "provider[\"registry.terraform.io/hashicorp/aws\"]",
      "instances": [
        {
          "schema_version": 0,
          "attributes": {
            "acceleration_status": "",
            "acl": null,
            "arn": "arn:aws:s3:::pathmentor-frontend-c3ef6acf",
            "bucket": "pathmentor-frontend-c3ef6acf",
            "bucket_domain_name": "pathmentor-frontend-c3ef6acf.s3.amazonaws.com",
            "bucket_prefix": "",
            "bucket_regional_domain_name": "pathmentor-frontend-c3ef6acf.s3.ca-central-1.amazonaws.com",
            "cors_rule": [],
            "force_destroy": false,
            "grant": [
              {
                "id": "3d6a4d3e0180394fdea8abb51cc6159c2994e20d8df1f4d7fd0ad8067b1b5fae",
                "permissions": [
                  "FULL_CONTROL"
                ],
                "type": "CanonicalUser",
                "uri": ""
              }
            ],
            "hosted_zone_id": "Z1QDHH18159H29",
            "id": "pathmentor-frontend-c3ef6acf",
            "lifecycle_rule": [],
            "logging": [],
            "object_lock_configuration": [],
            "object_lock_enabled": false,
            "policy": "{\"Statement\":[{\"Action\":\"s3:GetObject\",\"Condition\":{\"StringEquals\":{\"AWS:SourceArn\":\"arn:aws:cloudfront::384601337267:distribution/E14KGRMRBS5S8U\"}},\"Effect\":\"Allow\",\"Principal\":{\"Service\":\"cloudfront.amazonaws.com\"},\"Resource\":\"arn:aws:s3:::pathmentor-frontend-c3ef6acf/*\",\"Sid\":\"AllowCloudFrontOAC\"}],\"Version\":\"2012-10-17\"}",
            "region": "ca-central-1",
            "replication_configuration": [],
            "request_payer": "BucketOwner",
            "server_side_encryption_configuration": [
              {
                "rule": [
                  {
                    "apply_server_side_encryption_by_default": [
                      {
                        "kms_master_key_id": "",
                        "sse_algorithm": "AES256"
                      }
                    ],
                    "bucket_key_enabled": false
                  }
                ]
              }
            ],
            "tags": {
              "Environment": "prod",
              "ManagedBy": "Terraform",
              "Project": "pathmentor"
            },
            "tags_all": {
              "Environment": "prod",
              "ManagedBy": "Terraform",
              "Project": "pathmentor"
            },
            "timeouts": null,
            "versioning": [
              {
                "enabled": true,
                "mfa_delete": false
              }
            ],
            "website": [
              {
                "error_document": "index.html",
                "index_document": "index.html",
                "redirect_all_requests_to": "",
                "routing_rules": ""
              }
            ],
            "website_domain": "s3-website.ca-central-1.amazonaws.com",
            "website_endpoint": "pathmentor-frontend-c3ef6acf.s3-website.ca-central-1.amazonaws.com"
          },
          "sensitive_attributes": [],
          "identity_schema_version": 0,
          "private": "eyJlMmJmYjczMC1lY2FhLTExZTYtOGY4OC0zNDM2M2JjN2M0YzAiOnsiY3JlYXRlIjoxMjAwMDAwMDAwMDAwLCJkZWxldGUiOjM2MDAwMDAwMDAwMDAsInJlYWQiOjEyMDAwMDAwMDAwMDAsInVwZGF0ZSI6MTIwMDAwMDAwMDAwMH19",
          "dependencies": [
            "random_id.suffix"
          ]
        }
      ]
    },
    {
      "mode": "managed",
      "type": "aws_s3_bucket",
      "name": "seed_data",
      "provider": "provider[\"registry.terraform.io/hashicorp/aws\"]",
      "instances": [
        {
          "schema_version": 0,
          "attributes": {
            "acceleration_status": "",
            "acl": null,
            "arn": "arn:aws:s3:::pathmentor-seed-data-c3ef6acf",
            "bucket": "pathmentor-seed-data-c3ef6acf",
            "bucket_domain_name": "pathmentor-seed-data-c3ef6acf.s3.amazonaws.com",
            "bucket_prefix": "",
            "bucket_regional_domain_name": "pathmentor-seed-data-c3ef6acf.s3.ca-central-1.amazonaws.com",
            "cors_rule": [],
            "force_destroy": false,
            "grant": [
              {
                "id": "3d6a4d3e0180394fdea8abb51cc6159c2994e20d8df1f4d7fd0ad8067b1b5fae",
                "permissions": [
                  "FULL_CONTROL"
                ],
                "type": "CanonicalUser",
                "uri": ""
              }
            ],
            "hosted_zone_id": "Z1QDHH18159H29",
            "id": "pathmentor-seed-data-c3ef6acf",
            "lifecycle_rule": [],
            "logging": [],
            "object_lock_configuration": [],
            "object_lock_enabled": false,
            "policy": "",
            "region": "ca-central-1",
            "replication_configuration": [],
            "request_payer": "BucketOwner",
            "server_side_encryption_configuration": [
              {
                "rule": [
                  {
                    "apply_server_side_encryption_by_default": [
                      {
                        "kms_master_key_id": "",
                        "sse_algorithm": "AES256"
                      }
                    ],
                    "bucket_key_enabled": false
                  }
                ]
              }
            ],
            "tags": {
              "Environment": "prod",
              "ManagedBy": "Terraform",
              "Project": "pathmentor"
            },
            "tags_all": {
              "Environment": "prod",
              "ManagedBy": "Terraform",
              "Project": "pathmentor"
            },
            "timeouts": null,
            "versioning": [
              {
                "enabled": false,
                "mfa_delete": false
              }
            ],
            "website": [],
            "website_domain": null,
            "website_endpoint": null
          },
          "sensitive_attributes": [],
          "identity_schema_version": 0,
          "private": "eyJlMmJmYjczMC1lY2FhLTExZTYtOGY4OC0zNDM2M2JjN2M0YzAiOnsiY3JlYXRlIjoxMjAwMDAwMDAwMDAwLCJkZWxldGUiOjM2MDAwMDAwMDAwMDAsInJlYWQiOjEyMDAwMDAwMDAwMDAsInVwZGF0ZSI6MTIwMDAwMDAwMDAwMH19",
          "dependencies": [
            "random_id.suffix"
          ]
        }
      ]
    },
    {
      "mode": "managed",
      "type": "aws_s3_bucket_policy",
      "name": "frontend",
      "provider": "provider[\"registry.terraform.io/hashicorp/aws\"]",
      "instances": [
        {
          "schema_version": 0,
          "attributes": {
            "bucket": "pathmentor-frontend-c3ef6acf",
            "id": "pathmentor-frontend-c3ef6acf",
            "policy": "{\"Statement\":[{\"Action\":\"s3:GetObject\",\"Condition\":{\"StringEquals\":{\"AWS:SourceArn\":\"arn:aws:cloudfront::384601337267:distribution/E14KGRMRBS5S8U\"}},\"Effect\":\"Allow\",\"Principal\":{\"Service\":\"cloudfront.amazonaws.com\"},\"Resource\":\"arn:aws:s3:::pathmentor-frontend-c3ef6acf/*\",\"Sid\":\"AllowCloudFrontOAC\"}],\"Version\":\"2012-10-17\"}"
          },
          "sensitive_attributes": [],
          "identity_schema_version": 0,
          "private": "bnVsbA==",
          "dependencies": [
            "aws_cloudfront_distribution.frontend",
            "aws_cloudfront_origin_access_control.frontend",
            "aws_s3_bucket.frontend",
            "data.aws_iam_policy_document.frontend_s3_policy",
            "random_id.suffix"
          ]
        }
      ]
    },
    {
      "mode": "managed",
      "type": "aws_s3_bucket_public_access_block",
      "name": "frontend",
      "provider": "provider[\"registry.terraform.io/hashicorp/aws\"]",
      "instances": [
        {
          "schema_version": 0,
          "attributes": {
            "block_public_acls": true,
            "block_public_policy": true,
            "bucket": "pathmentor-frontend-c3ef6acf",
            "id": "pathmentor-frontend-c3ef6acf",
            "ignore_public_acls": true,
            "restrict_public_buckets": true
          },
          "sensitive_attributes": [],
          "identity_schema_version": 0,
          "private": "bnVsbA==",
          "dependencies": [
            "aws_s3_bucket.frontend",
            "random_id.suffix"
          ]
        }
      ]
    },
    {
      "mode": "managed",
      "type": "aws_s3_bucket_public_access_block",
      "name": "seed_data",
      "provider": "provider[\"registry.terraform.io/hashicorp/aws\"]",
      "instances": [
        {
          "schema_version": 0,
          "attributes": {
            "block_public_acls": true,
            "block_public_policy": true,
            "bucket": "pathmentor-seed-data-c3ef6acf",
            "id": "pathmentor-seed-data-c3ef6acf",
            "ignore_public_acls": true,
            "restrict_public_buckets": true
          },
          "sensitive_attributes": [],
          "identity_schema_version": 0,
          "private": "bnVsbA==",
          "dependencies": [
            "aws_s3_bucket.seed_data",
            "random_id.suffix"
          ]
        }
      ]
    },
    {
      "mode": "managed",
      "type": "aws_s3_bucket_versioning",
      "name": "frontend",
      "provider": "provider[\"registry.terraform.io/hashicorp/aws\"]",
      "instances": [
        {
          "schema_version": 0,
          "attributes": {
            "bucket": "pathmentor-frontend-c3ef6acf",
            "expected_bucket_owner": "",
            "id": "pathmentor-frontend-c3ef6acf",
            "mfa": null,
            "versioning_configuration": [
              {
                "mfa_delete": "",
                "status": "Enabled"
              }
            ]
          },
          "sensitive_attributes": [],
          "identity_schema_version": 0,
          "private": "bnVsbA==",
          "dependencies": [
            "aws_s3_bucket.frontend",
            "random_id.suffix"
          ]
        }
      ]
    },
    {
      "mode": "managed",
      "type": "aws_s3_bucket_website_configuration",
      "name": "frontend",
      "provider": "provider[\"registry.terraform.io/hashicorp/aws\"]",
      "instances": [
        {
          "schema_version": 0,
          "attributes": {
            "bucket": "pathmentor-frontend-c3ef6acf",
            "error_document": [
              {
                "key": "index.html"
              }
            ],
            "expected_bucket_owner": "",
            "id": "pathmentor-frontend-c3ef6acf",
            "index_document": [
              {
                "suffix": "index.html"
              }
            ],
            "redirect_all_requests_to": [],
            "routing_rule": [],
            "routing_rules": "",
            "website_domain": "s3-website.ca-central-1.amazonaws.com",
            "website_endpoint": "pathmentor-frontend-c3ef6acf.s3-website.ca-central-1.amazonaws.com"
          },
          "sensitive_attributes": [],
          "identity_schema_version": 0,
          "private": "bnVsbA==",
          "dependencies": [
            "aws_s3_bucket.frontend",
            "random_id.suffix"
          ]
        }
      ]
    },
    {
      "mode": "managed",
      "type": "aws_s3_object",
      "name": "experiences_seed",
      "provider": "provider[\"registry.terraform.io/hashicorp/aws\"]",
      "instances": [
        {
          "schema_version": 0,
          "attributes": {
            "acl": null,
            "arn": "arn:aws:s3:::pathmentor-seed-data-c3ef6acf/experiences.json",
            "bucket": "pathmentor-seed-data-c3ef6acf",
            "bucket_key_enabled": false,
            "cache_control": "",
            "checksum_algorithm": null,
            "checksum_crc32": "",
            "checksum_crc32c": "",
            "checksum_crc64nvme": "",
            "checksum_sha1": "",
            "checksum_sha256": "",
            "content": null,
            "content_base64": null,
            "content_disposition": "",
            "content_encoding": "",
            "content_language": "",
            "content_type": "application/json",
            "etag": "b6100054a04382322a4758051a5cbf86",
            "force_destroy": false,
            "id": "experiences.json",
            "key": "experiences.json",
            "kms_key_id": null,
            "metadata": {},
            "object_lock_legal_hold_status": "",
            "object_lock_mode": "",
            "object_lock_retain_until_date": "",
            "override_provider": [],
            "server_side_encryption": "AES256",
            "source": "./../seed-data/experiences.json",
            "source_hash": null,
            "storage_class": "STANDARD",
            "tags": {},
            "tags_all": {},
            "version_id": "",
            "website_redirect": ""
          },
          "sensitive_attributes": [],
          "identity_schema_version": 0,
          "private": "bnVsbA==",
          "dependencies": [
            "aws_s3_bucket.seed_data",
            "random_id.suffix"
          ]
        }
      ]
    },
    {
      "mode": "managed",
      "type": "aws_s3_object",
      "name": "seed_script",
      "provider": "provider[\"registry.terraform.io/hashicorp/aws\"]",
      "instances": [
        {
          "schema_version": 0,
          "attributes": {
            "acl": null,
            "arn": "arn:aws:s3:::pathmentor-seed-data-c3ef6acf/seed_data.py",
            "bucket": "pathmentor-seed-data-c3ef6acf",
            "bucket_key_enabled": false,
            "cache_control": "",
            "checksum_algorithm": null,
            "checksum_crc32": "",
            "checksum_crc32c": "",
            "checksum_crc64nvme": "",
            "checksum_sha1": "",
            "checksum_sha256": "",
            "content": null,
            "content_base64": null,
            "content_disposition": "",
            "content_encoding": "",
            "content_language": "",
            "content_type": "text/x-python",
            "etag": "b8df47c380d4c4a01a33734c11968ef7",
            "force_destroy": false,
            "id": "seed_data.py",
            "key": "seed_data.py",
            "kms_key_id": null,
            "metadata": {},
            "object_lock_legal_hold_status": "",
            "object_lock_mode": "",
            "object_lock_retain_until_date": "",
            "override_provider": [],
            "server_side_encryption": "AES256",
            "source": "./../backend/seed/seed_data.py",
            "source_hash": null,
            "storage_class": "STANDARD",
            "tags": {},
            "tags_all": {},
            "version_id": "",
            "website_redirect": ""
          },
          "sensitive_attributes": [],
          "identity_schema_version": 0,
          "private": "bnVsbA==",
          "dependencies": [
            "aws_s3_bucket.seed_data",
            "random_id.suffix"
          ]
        }
      ]
    },
    {
      "mode": "managed",
      "type": "aws_security_group",
      "name": "seed_runner",
      "provider": "provider[\"registry.terraform.io/hashicorp/aws\"]",
      "instances": [
        {
          "schema_version": 1,
          "attributes": {
            "arn": "arn:aws:ec2:ca-central-1:384601337267:security-group/sg-0b5cdb085e3700b16",
            "description": "Security group for PathMentor EC2 seed runner",
            "egress": [
              {
                "cidr_blocks": [
                  "0.0.0.0/0"
                ],
                "description": "All outbound",
                "from_port": 0,
                "ipv6_cidr_blocks": [],
                "prefix_list_ids": [],
                "protocol": "-1",
                "security_groups": [],
                "self": false,
                "to_port": 0
              }
            ],
            "id": "sg-0b5cdb085e3700b16",
            "ingress": [
              {
                "cidr_blocks": [
                  "0.0.0.0/0"
                ],
                "description": "SSH access",
                "from_port": 22,
                "ipv6_cidr_blocks": [],
                "prefix_list_ids": [],
                "protocol": "tcp",
                "security_groups": [],
                "self": false,
                "to_port": 22
              }
            ],
            "name": "pathmentor-seed-runner-c3ef6acf-sg",
            "name_prefix": "",
            "owner_id": "384601337267",
            "revoke_rules_on_delete": false,
            "tags": {
              "ManagedBy": "Terraform",
              "Project": "pathmentor"
            },
            "tags_all": {
              "ManagedBy": "Terraform",
              "Project": "pathmentor"
            },
            "timeouts": null,
            "vpc_id": "vpc-02ec2b9b366ffc6f7"
          },
          "sensitive_attributes": [],
          "identity_schema_version": 0,
          "private": "eyJlMmJmYjczMC1lY2FhLTExZTYtOGY4OC0zNDM2M2JjN2M0YzAiOnsiY3JlYXRlIjo2MDAwMDAwMDAwMDAsImRlbGV0ZSI6OTAwMDAwMDAwMDAwfSwic2NoZW1hX3ZlcnNpb24iOiIxIn0=",
          "dependencies": [
            "data.aws_vpc.default",
            "random_id.suffix"
          ]
        }
      ]
    },
    {
      "mode": "managed",
      "type": "random_id",
      "name": "suffix",
      "provider": "provider[\"registry.terraform.io/hashicorp/random\"]",
      "instances": [
        {
          "schema_version": 0,
          "attributes": {
            "b64_std": "w+9qzw==",
            "b64_url": "w-9qzw",
            "byte_length": 4,
            "dec": "3287247567",
            "hex": "c3ef6acf",
            "id": "w-9qzw",
            "keepers": null,
            "prefix": null
          },
          "sensitive_attributes": [],
          "identity_schema_version": 0
        }
      ]
    }
  ],
  "check_results": null
}
